
Microsoft Visual Studio Solution File, Format Version 12.00
# Visual Studio 15
VisualStudioVersion = 15.0.28010.2046
MinimumVisualStudioVersion = 10.0.40219.1
Project("{FAE04EC0-301F-11D3-BF4B-00C04F79EFBC}") = "CalculatorDemo.Android", "CalculatorDemo.Xamarin\CalculatorDemo.Android\CalculatorDemo.Android.csproj", "{3EFF12C9-D8E0-45E0-A166-4A2D3B63B5C2}"
EndProject
Project("{FAE04EC0-301F-11D3-BF4B-00C04F79EFBC}") = "CalculatorDemo.iOS", "CalculatorDemo.Xamarin\CalculatorDemo.iOS\CalculatorDemo.iOS.csproj", "{11B86844-2576-4020-AC8B-123DE758A118}"
EndProject
Project("{FAE04EC0-301F-11D3-BF4B-00C04F79EFBC}") = "CalculatorDemo.UWP", "CalculatorDemo.Xamarin\CalculatorDemo.UWP\CalculatorDemo.UWP.csproj", "{B284EB4B-69C7-4218-9B16-EB6BFAD06E49}"
EndProject
Project("{9A19103F-16F7-4668-BE54-9A1E7A4F7556}") = "CalculatorDemo", "CalculatorDemo.Xamarin\CalculatorDemo\CalculatorDemo.csproj", "{6FBFD744-7CA5-4D24-9CC3-9C8BAE9C649F}"
EndProject
Project("{2150E333-8FDC-42A3-9474-1A3956D46DE8}") = "CalculatorDemo.Xamarin", "CalculatorDemo.Xamarin", "{4AE12858-03A7-44A2-8295-25063A98D7B9}"
EndProject
Project("{2150E333-8FDC-42A3-9474-1A3956D46DE8}") = "CalculatorDemo.Wpf", "CalculatorDemo.Wpf", "{973B8EF8-2709-4E1C-8C8C-C0125D30A81B}"
EndProject
Project("{2150E333-8FDC-42A3-9474-1A3956D46DE8}") = "Tests", "Tests", "{5CE33C6C-45E0-41B2-805B-D27A66924925}"
EndProject
Project("{FAE04EC0-301F-11D3-BF4B-00C04F79EFBC}") = "CalculatorDemo.Wpf.App", "CalculatorDemo.Wpf\CalculatorDemo.Wpf.App\CalculatorDemo.Wpf.App.csproj", "{0DF7AEDB-B6C8-4366-975C-22CD3468E453}"
EndProject
Project("{2150E333-8FDC-42A3-9474-1A3956D46DE8}") = "CalculatorDemo.Angular", "CalculatorDemo.Angular", "{764EA4FE-2417-4230-B803-9384B8CCE0C7}"
EndProject
Project("{9A19103F-16F7-4668-BE54-9A1E7A4F7556}") = "CalculatorDemo.Angular", "CalculatorDemo.Angular\CalculatorDemo.Angular\CalculatorDemo.Angular.csproj", "{95487945-19CA-44A7-B259-F7723A31C30A}"
EndProject
Project("{2150E333-8FDC-42A3-9474-1A3956D46DE8}") = "Tests", "Tests", "{3D2A4B81-6A2A-4FBC-B627-31056FF1EEB9}"
EndProject
Project("{2150E333-8FDC-42A3-9474-1A3956D46DE8}") = "Tests", "Tests", "{06FF0740-72F2-44C7-9C3D-F25C7E2DAC8F}"
EndProject
Project("{FAE04EC0-301F-11D3-BF4B-00C04F79EFBC}") = "CalculatorDemo.Wpf.PageObjects", "CalculatorDemo.Wpf\Tests\CalculatorDemo.Wpf.PageObjects\CalculatorDemo.Wpf.PageObjects.csproj", "{7836B5B3-C155-4613-8C9A-EA854F46D107}"
EndProject
Project("{FAE04EC0-301F-11D3-BF4B-00C04F79EFBC}") = "CalculatorDemo.Wpf.Ui.Tests", "CalculatorDemo.Wpf\Tests\CalculatorDemo.Wpf.Ui.Tests\CalculatorDemo.Wpf.Ui.Tests.csproj", "{603472C5-1F1A-43EB-A374-BF537012A445}"
EndProject
Project("{2150E333-8FDC-42A3-9474-1A3956D46DE8}") = "TestAutomation.Infrastrucutre", "TestAutomation.Infrastrucutre", "{E73B9FFA-2771-4FDE-935F-C4EB12E0EF45}"
EndProject
Project("{9A19103F-16F7-4668-BE54-9A1E7A4F7556}") = "UiTestAutomationBase", "Testautomation.Infrastructure\UiTestAutomationBase\UiTestAutomationBase.csproj", "{67C51505-701B-4ABD-820B-088F46262C6E}"
EndProject
Project("{9A19103F-16F7-4668-BE54-9A1E7A4F7556}") = "CalculatorDemo.Android.Ui.Tests", "CalculatorDemo.Xamarin\Tests\CalculatorDemo.Android.Ui.Tests\CalculatorDemo.Android.Ui.Tests.csproj", "{FAD97B7C-EEB3-4680-93C1-7BC20538326E}"
EndProject
Project("{9A19103F-16F7-4668-BE54-9A1E7A4F7556}") = "CalculatorDemo.Angular.PageObjects", "CalculatorDemo.Angular\Tests\CalculatorDemo.Angular.PageObjects\CalculatorDemo.Angular.PageObjects.csproj", "{97852223-F9A5-44D7-9976-6267952DF807}"
EndProject
Project("{9A19103F-16F7-4668-BE54-9A1E7A4F7556}") = "CalculatorDemo.Angular.Ui.Tests", "CalculatorDemo.Angular\Tests\CalculatorDemo.Angular.Ui.Tests\CalculatorDemo.Angular.Ui.Tests.csproj", "{A0D86620-0B5B-4EA0-828F-40D5B42FFA6E}"
EndProject
Project("{9A19103F-16F7-4668-BE54-9A1E7A4F7556}") = "CalculatorDemo.Android.PageObjects", "CalculatorDemo.Xamarin\Tests\CalculatorDemo.Android.PageObjects\CalculatorDemo.Android.PageObjects.csproj", "{A975CCC6-AADF-4D5D-AB5A-9C5E8C6A4F9D}"
EndProject
Global
	GlobalSection(SolutionConfigurationPlatforms) = preSolution
		Ad-Hoc|Any CPU = Ad-Hoc|Any CPU
		Ad-Hoc|ARM = Ad-Hoc|ARM
		Ad-Hoc|iPhone = Ad-Hoc|iPhone
		Ad-Hoc|iPhoneSimulator = Ad-Hoc|iPhoneSimulator
		Ad-Hoc|x64 = Ad-Hoc|x64
		Ad-Hoc|x86 = Ad-Hoc|x86
		AppStore|Any CPU = AppStore|Any CPU
		AppStore|ARM = AppStore|ARM
		AppStore|iPhone = AppStore|iPhone
		AppStore|iPhoneSimulator = AppStore|iPhoneSimulator
		AppStore|x64 = AppStore|x64
		AppStore|x86 = AppStore|x86
		Debug|Any CPU = Debug|Any CPU
		Debug|ARM = Debug|ARM
		Debug|iPhone = Debug|iPhone
		Debug|iPhoneSimulator = Debug|iPhoneSimulator
		Debug|x64 = Debug|x64
		Debug|x86 = Debug|x86
		Release|Any CPU = Release|Any CPU
		Release|ARM = Release|ARM
		Release|iPhone = Release|iPhone
		Release|iPhoneSimulator = Release|iPhoneSimulator
		Release|x64 = Release|x64
		Release|x86 = Release|x86
	EndGlobalSection
	GlobalSection(ProjectConfigurationPlatforms) = postSolution
		{3EFF12C9-D8E0-45E0-A166-4A2D3B63B5C2}.Ad-Hoc|Any CPU.ActiveCfg = Release|Any CPU
		{3EFF12C9-D8E0-45E0-A166-4A2D3B63B5C2}.Ad-Hoc|Any CPU.Build.0 = Release|Any CPU
		{3EFF12C9-D8E0-45E0-A166-4A2D3B63B5C2}.Ad-Hoc|Any CPU.Deploy.0 = Release|Any CPU
		{3EFF12C9-D8E0-45E0-A166-4A2D3B63B5C2}.Ad-Hoc|ARM.ActiveCfg = Release|Any CPU
		{3EFF12C9-D8E0-45E0-A166-4A2D3B63B5C2}.Ad-Hoc|ARM.Build.0 = Release|Any CPU
		{3EFF12C9-D8E0-45E0-A166-4A2D3B63B5C2}.Ad-Hoc|ARM.Deploy.0 = Release|Any CPU
		{3EFF12C9-D8E0-45E0-A166-4A2D3B63B5C2}.Ad-Hoc|iPhone.ActiveCfg = Release|Any CPU
		{3EFF12C9-D8E0-45E0-A166-4A2D3B63B5C2}.Ad-Hoc|iPhone.Build.0 = Release|Any CPU
		{3EFF12C9-D8E0-45E0-A166-4A2D3B63B5C2}.Ad-Hoc|iPhone.Deploy.0 = Release|Any CPU
		{3EFF12C9-D8E0-45E0-A166-4A2D3B63B5C2}.Ad-Hoc|iPhoneSimulator.ActiveCfg = Release|Any CPU
		{3EFF12C9-D8E0-45E0-A166-4A2D3B63B5C2}.Ad-Hoc|iPhoneSimulator.Build.0 = Release|Any CPU
		{3EFF12C9-D8E0-45E0-A166-4A2D3B63B5C2}.Ad-Hoc|iPhoneSimulator.Deploy.0 = Release|Any CPU
		{3EFF12C9-D8E0-45E0-A166-4A2D3B63B5C2}.Ad-Hoc|x64.ActiveCfg = Release|Any CPU
		{3EFF12C9-D8E0-45E0-A166-4A2D3B63B5C2}.Ad-Hoc|x64.Build.0 = Release|Any CPU
		{3EFF12C9-D8E0-45E0-A166-4A2D3B63B5C2}.Ad-Hoc|x64.Deploy.0 = Release|Any CPU
		{3EFF12C9-D8E0-45E0-A166-4A2D3B63B5C2}.Ad-Hoc|x86.ActiveCfg = Release|Any CPU
		{3EFF12C9-D8E0-45E0-A166-4A2D3B63B5C2}.Ad-Hoc|x86.Build.0 = Release|Any CPU
		{3EFF12C9-D8E0-45E0-A166-4A2D3B63B5C2}.Ad-Hoc|x86.Deploy.0 = Release|Any CPU
		{3EFF12C9-D8E0-45E0-A166-4A2D3B63B5C2}.AppStore|Any CPU.ActiveCfg = Release|Any CPU
		{3EFF12C9-D8E0-45E0-A166-4A2D3B63B5C2}.AppStore|Any CPU.Build.0 = Release|Any CPU
		{3EFF12C9-D8E0-45E0-A166-4A2D3B63B5C2}.AppStore|Any CPU.Deploy.0 = Release|Any CPU
		{3EFF12C9-D8E0-45E0-A166-4A2D3B63B5C2}.AppStore|ARM.ActiveCfg = Release|Any CPU
		{3EFF12C9-D8E0-45E0-A166-4A2D3B63B5C2}.AppStore|ARM.Build.0 = Release|Any CPU
		{3EFF12C9-D8E0-45E0-A166-4A2D3B63B5C2}.AppStore|ARM.Deploy.0 = Release|Any CPU
		{3EFF12C9-D8E0-45E0-A166-4A2D3B63B5C2}.AppStore|iPhone.ActiveCfg = Release|Any CPU
		{3EFF12C9-D8E0-45E0-A166-4A2D3B63B5C2}.AppStore|iPhone.Build.0 = Release|Any CPU
		{3EFF12C9-D8E0-45E0-A166-4A2D3B63B5C2}.AppStore|iPhone.Deploy.0 = Release|Any CPU
		{3EFF12C9-D8E0-45E0-A166-4A2D3B63B5C2}.AppStore|iPhoneSimulator.ActiveCfg = Release|Any CPU
		{3EFF12C9-D8E0-45E0-A166-4A2D3B63B5C2}.AppStore|iPhoneSimulator.Build.0 = Release|Any CPU
		{3EFF12C9-D8E0-45E0-A166-4A2D3B63B5C2}.AppStore|iPhoneSimulator.Deploy.0 = Release|Any CPU
		{3EFF12C9-D8E0-45E0-A166-4A2D3B63B5C2}.AppStore|x64.ActiveCfg = Release|Any CPU
		{3EFF12C9-D8E0-45E0-A166-4A2D3B63B5C2}.AppStore|x64.Build.0 = Release|Any CPU
		{3EFF12C9-D8E0-45E0-A166-4A2D3B63B5C2}.AppStore|x64.Deploy.0 = Release|Any CPU
		{3EFF12C9-D8E0-45E0-A166-4A2D3B63B5C2}.AppStore|x86.ActiveCfg = Release|Any CPU
		{3EFF12C9-D8E0-45E0-A166-4A2D3B63B5C2}.AppStore|x86.Build.0 = Release|Any CPU
		{3EFF12C9-D8E0-45E0-A166-4A2D3B63B5C2}.AppStore|x86.Deploy.0 = Release|Any CPU
		{3EFF12C9-D8E0-45E0-A166-4A2D3B63B5C2}.Debug|Any CPU.ActiveCfg = Debug|Any CPU
		{3EFF12C9-D8E0-45E0-A166-4A2D3B63B5C2}.Debug|Any CPU.Build.0 = Debug|Any CPU
		{3EFF12C9-D8E0-45E0-A166-4A2D3B63B5C2}.Debug|Any CPU.Deploy.0 = Debug|Any CPU
		{3EFF12C9-D8E0-45E0-A166-4A2D3B63B5C2}.Debug|ARM.ActiveCfg = Debug|Any CPU
		{3EFF12C9-D8E0-45E0-A166-4A2D3B63B5C2}.Debug|ARM.Build.0 = Debug|Any CPU
		{3EFF12C9-D8E0-45E0-A166-4A2D3B63B5C2}.Debug|ARM.Deploy.0 = Debug|Any CPU
		{3EFF12C9-D8E0-45E0-A166-4A2D3B63B5C2}.Debug|iPhone.ActiveCfg = Debug|Any CPU
		{3EFF12C9-D8E0-45E0-A166-4A2D3B63B5C2}.Debug|iPhone.Build.0 = Debug|Any CPU
		{3EFF12C9-D8E0-45E0-A166-4A2D3B63B5C2}.Debug|iPhone.Deploy.0 = Debug|Any CPU
		{3EFF12C9-D8E0-45E0-A166-4A2D3B63B5C2}.Debug|iPhoneSimulator.ActiveCfg = Debug|Any CPU
		{3EFF12C9-D8E0-45E0-A166-4A2D3B63B5C2}.Debug|iPhoneSimulator.Build.0 = Debug|Any CPU
		{3EFF12C9-D8E0-45E0-A166-4A2D3B63B5C2}.Debug|iPhoneSimulator.Deploy.0 = Debug|Any CPU
		{3EFF12C9-D8E0-45E0-A166-4A2D3B63B5C2}.Debug|x64.ActiveCfg = Debug|Any CPU
		{3EFF12C9-D8E0-45E0-A166-4A2D3B63B5C2}.Debug|x64.Build.0 = Debug|Any CPU
		{3EFF12C9-D8E0-45E0-A166-4A2D3B63B5C2}.Debug|x64.Deploy.0 = Debug|Any CPU
		{3EFF12C9-D8E0-45E0-A166-4A2D3B63B5C2}.Debug|x86.ActiveCfg = Debug|Any CPU
		{3EFF12C9-D8E0-45E0-A166-4A2D3B63B5C2}.Debug|x86.Build.0 = Debug|Any CPU
		{3EFF12C9-D8E0-45E0-A166-4A2D3B63B5C2}.Debug|x86.Deploy.0 = Debug|Any CPU
		{3EFF12C9-D8E0-45E0-A166-4A2D3B63B5C2}.Release|Any CPU.ActiveCfg = Release|Any CPU
		{3EFF12C9-D8E0-45E0-A166-4A2D3B63B5C2}.Release|Any CPU.Build.0 = Release|Any CPU
		{3EFF12C9-D8E0-45E0-A166-4A2D3B63B5C2}.Release|Any CPU.Deploy.0 = Release|Any CPU
		{3EFF12C9-D8E0-45E0-A166-4A2D3B63B5C2}.Release|ARM.ActiveCfg = Release|Any CPU
		{3EFF12C9-D8E0-45E0-A166-4A2D3B63B5C2}.Release|ARM.Build.0 = Release|Any CPU
		{3EFF12C9-D8E0-45E0-A166-4A2D3B63B5C2}.Release|ARM.Deploy.0 = Release|Any CPU
		{3EFF12C9-D8E0-45E0-A166-4A2D3B63B5C2}.Release|iPhone.ActiveCfg = Release|Any CPU
		{3EFF12C9-D8E0-45E0-A166-4A2D3B63B5C2}.Release|iPhone.Build.0 = Release|Any CPU
		{3EFF12C9-D8E0-45E0-A166-4A2D3B63B5C2}.Release|iPhone.Deploy.0 = Release|Any CPU
		{3EFF12C9-D8E0-45E0-A166-4A2D3B63B5C2}.Release|iPhoneSimulator.ActiveCfg = Release|Any CPU
		{3EFF12C9-D8E0-45E0-A166-4A2D3B63B5C2}.Release|iPhoneSimulator.Build.0 = Release|Any CPU
		{3EFF12C9-D8E0-45E0-A166-4A2D3B63B5C2}.Release|iPhoneSimulator.Deploy.0 = Release|Any CPU
		{3EFF12C9-D8E0-45E0-A166-4A2D3B63B5C2}.Release|x64.ActiveCfg = Release|Any CPU
		{3EFF12C9-D8E0-45E0-A166-4A2D3B63B5C2}.Release|x64.Build.0 = Release|Any CPU
		{3EFF12C9-D8E0-45E0-A166-4A2D3B63B5C2}.Release|x64.Deploy.0 = Release|Any CPU
		{3EFF12C9-D8E0-45E0-A166-4A2D3B63B5C2}.Release|x86.ActiveCfg = Release|Any CPU
		{3EFF12C9-D8E0-45E0-A166-4A2D3B63B5C2}.Release|x86.Build.0 = Release|Any CPU
		{3EFF12C9-D8E0-45E0-A166-4A2D3B63B5C2}.Release|x86.Deploy.0 = Release|Any CPU
		{11B86844-2576-4020-AC8B-123DE758A118}.Ad-Hoc|Any CPU.ActiveCfg = Ad-Hoc|iPhone
		{11B86844-2576-4020-AC8B-123DE758A118}.Ad-Hoc|Any CPU.Build.0 = Ad-Hoc|iPhone
		{11B86844-2576-4020-AC8B-123DE758A118}.Ad-Hoc|Any CPU.Deploy.0 = Ad-Hoc|iPhone
		{11B86844-2576-4020-AC8B-123DE758A118}.Ad-Hoc|ARM.ActiveCfg = Ad-Hoc|iPhone
		{11B86844-2576-4020-AC8B-123DE758A118}.Ad-Hoc|ARM.Build.0 = Ad-Hoc|iPhone
		{11B86844-2576-4020-AC8B-123DE758A118}.Ad-Hoc|ARM.Deploy.0 = Ad-Hoc|iPhone
		{11B86844-2576-4020-AC8B-123DE758A118}.Ad-Hoc|iPhone.ActiveCfg = Ad-Hoc|iPhone
		{11B86844-2576-4020-AC8B-123DE758A118}.Ad-Hoc|iPhone.Build.0 = Ad-Hoc|iPhone
		{11B86844-2576-4020-AC8B-123DE758A118}.Ad-Hoc|iPhone.Deploy.0 = Ad-Hoc|iPhone
		{11B86844-2576-4020-AC8B-123DE758A118}.Ad-Hoc|iPhoneSimulator.ActiveCfg = Ad-Hoc|iPhoneSimulator
		{11B86844-2576-4020-AC8B-123DE758A118}.Ad-Hoc|iPhoneSimulator.Build.0 = Ad-Hoc|iPhoneSimulator
		{11B86844-2576-4020-AC8B-123DE758A118}.Ad-Hoc|iPhoneSimulator.Deploy.0 = Ad-Hoc|iPhoneSimulator
		{11B86844-2576-4020-AC8B-123DE758A118}.Ad-Hoc|x64.ActiveCfg = Ad-Hoc|iPhone
		{11B86844-2576-4020-AC8B-123DE758A118}.Ad-Hoc|x64.Build.0 = Ad-Hoc|iPhone
		{11B86844-2576-4020-AC8B-123DE758A118}.Ad-Hoc|x64.Deploy.0 = Ad-Hoc|iPhone
		{11B86844-2576-4020-AC8B-123DE758A118}.Ad-Hoc|x86.ActiveCfg = Ad-Hoc|iPhone
		{11B86844-2576-4020-AC8B-123DE758A118}.Ad-Hoc|x86.Build.0 = Ad-Hoc|iPhone
		{11B86844-2576-4020-AC8B-123DE758A118}.Ad-Hoc|x86.Deploy.0 = Ad-Hoc|iPhone
		{11B86844-2576-4020-AC8B-123DE758A118}.AppStore|Any CPU.ActiveCfg = AppStore|iPhone
		{11B86844-2576-4020-AC8B-123DE758A118}.AppStore|Any CPU.Build.0 = AppStore|iPhone
		{11B86844-2576-4020-AC8B-123DE758A118}.AppStore|Any CPU.Deploy.0 = AppStore|iPhone
		{11B86844-2576-4020-AC8B-123DE758A118}.AppStore|ARM.ActiveCfg = AppStore|iPhone
		{11B86844-2576-4020-AC8B-123DE758A118}.AppStore|ARM.Build.0 = AppStore|iPhone
		{11B86844-2576-4020-AC8B-123DE758A118}.AppStore|ARM.Deploy.0 = AppStore|iPhone
		{11B86844-2576-4020-AC8B-123DE758A118}.AppStore|iPhone.ActiveCfg = AppStore|iPhone
		{11B86844-2576-4020-AC8B-123DE758A118}.AppStore|iPhone.Build.0 = AppStore|iPhone
		{11B86844-2576-4020-AC8B-123DE758A118}.AppStore|iPhone.Deploy.0 = AppStore|iPhone
		{11B86844-2576-4020-AC8B-123DE758A118}.AppStore|iPhoneSimulator.ActiveCfg = AppStore|iPhoneSimulator
		{11B86844-2576-4020-AC8B-123DE758A118}.AppStore|iPhoneSimulator.Build.0 = AppStore|iPhoneSimulator
		{11B86844-2576-4020-AC8B-123DE758A118}.AppStore|iPhoneSimulator.Deploy.0 = AppStore|iPhoneSimulator
		{11B86844-2576-4020-AC8B-123DE758A118}.AppStore|x64.ActiveCfg = AppStore|iPhone
		{11B86844-2576-4020-AC8B-123DE758A118}.AppStore|x64.Build.0 = AppStore|iPhone
		{11B86844-2576-4020-AC8B-123DE758A118}.AppStore|x64.Deploy.0 = AppStore|iPhone
		{11B86844-2576-4020-AC8B-123DE758A118}.AppStore|x86.ActiveCfg = AppStore|iPhone
		{11B86844-2576-4020-AC8B-123DE758A118}.AppStore|x86.Build.0 = AppStore|iPhone
		{11B86844-2576-4020-AC8B-123DE758A118}.AppStore|x86.Deploy.0 = AppStore|iPhone
		{11B86844-2576-4020-AC8B-123DE758A118}.Debug|Any CPU.ActiveCfg = Debug|iPhoneSimulator
		{11B86844-2576-4020-AC8B-123DE758A118}.Debug|Any CPU.Build.0 = Debug|iPhoneSimulator
		{11B86844-2576-4020-AC8B-123DE758A118}.Debug|Any CPU.Deploy.0 = Debug|iPhoneSimulator
		{11B86844-2576-4020-AC8B-123DE758A118}.Debug|ARM.ActiveCfg = Debug|iPhone
		{11B86844-2576-4020-AC8B-123DE758A118}.Debug|ARM.Build.0 = Debug|iPhone
		{11B86844-2576-4020-AC8B-123DE758A118}.Debug|ARM.Deploy.0 = Debug|iPhone
		{11B86844-2576-4020-AC8B-123DE758A118}.Debug|iPhone.ActiveCfg = Debug|iPhone
		{11B86844-2576-4020-AC8B-123DE758A118}.Debug|iPhone.Build.0 = Debug|iPhone
		{11B86844-2576-4020-AC8B-123DE758A118}.Debug|iPhone.Deploy.0 = Debug|iPhone
		{11B86844-2576-4020-AC8B-123DE758A118}.Debug|iPhoneSimulator.ActiveCfg = Debug|iPhoneSimulator
		{11B86844-2576-4020-AC8B-123DE758A118}.Debug|iPhoneSimulator.Build.0 = Debug|iPhoneSimulator
		{11B86844-2576-4020-AC8B-123DE758A118}.Debug|iPhoneSimulator.Deploy.0 = Debug|iPhoneSimulator
		{11B86844-2576-4020-AC8B-123DE758A118}.Debug|x64.ActiveCfg = Debug|iPhone
		{11B86844-2576-4020-AC8B-123DE758A118}.Debug|x64.Build.0 = Debug|iPhone
		{11B86844-2576-4020-AC8B-123DE758A118}.Debug|x64.Deploy.0 = Debug|iPhone
		{11B86844-2576-4020-AC8B-123DE758A118}.Debug|x86.ActiveCfg = Debug|iPhone
		{11B86844-2576-4020-AC8B-123DE758A118}.Debug|x86.Build.0 = Debug|iPhone
		{11B86844-2576-4020-AC8B-123DE758A118}.Debug|x86.Deploy.0 = Debug|iPhone
		{11B86844-2576-4020-AC8B-123DE758A118}.Release|Any CPU.ActiveCfg = Release|iPhone
		{11B86844-2576-4020-AC8B-123DE758A118}.Release|Any CPU.Build.0 = Release|iPhone
		{11B86844-2576-4020-AC8B-123DE758A118}.Release|Any CPU.Deploy.0 = Release|iPhone
		{11B86844-2576-4020-AC8B-123DE758A118}.Release|ARM.ActiveCfg = Release|iPhone
		{11B86844-2576-4020-AC8B-123DE758A118}.Release|ARM.Build.0 = Release|iPhone
		{11B86844-2576-4020-AC8B-123DE758A118}.Release|ARM.Deploy.0 = Release|iPhone
		{11B86844-2576-4020-AC8B-123DE758A118}.Release|iPhone.ActiveCfg = Release|iPhone
		{11B86844-2576-4020-AC8B-123DE758A118}.Release|iPhone.Build.0 = Release|iPhone
		{11B86844-2576-4020-AC8B-123DE758A118}.Release|iPhone.Deploy.0 = Release|iPhone
		{11B86844-2576-4020-AC8B-123DE758A118}.Release|iPhoneSimulator.ActiveCfg = Release|iPhoneSimulator
		{11B86844-2576-4020-AC8B-123DE758A118}.Release|iPhoneSimulator.Build.0 = Release|iPhoneSimulator
		{11B86844-2576-4020-AC8B-123DE758A118}.Release|iPhoneSimulator.Deploy.0 = Release|iPhoneSimulator
		{11B86844-2576-4020-AC8B-123DE758A118}.Release|x64.ActiveCfg = Release|iPhone
		{11B86844-2576-4020-AC8B-123DE758A118}.Release|x64.Build.0 = Release|iPhone
		{11B86844-2576-4020-AC8B-123DE758A118}.Release|x64.Deploy.0 = Release|iPhone
		{11B86844-2576-4020-AC8B-123DE758A118}.Release|x86.ActiveCfg = Release|iPhone
		{11B86844-2576-4020-AC8B-123DE758A118}.Release|x86.Build.0 = Release|iPhone
		{11B86844-2576-4020-AC8B-123DE758A118}.Release|x86.Deploy.0 = Release|iPhone
		{B284EB4B-69C7-4218-9B16-EB6BFAD06E49}.Ad-Hoc|Any CPU.ActiveCfg = Release|x86
		{B284EB4B-69C7-4218-9B16-EB6BFAD06E49}.Ad-Hoc|Any CPU.Build.0 = Release|x86
		{B284EB4B-69C7-4218-9B16-EB6BFAD06E49}.Ad-Hoc|Any CPU.Deploy.0 = Release|x86
		{B284EB4B-69C7-4218-9B16-EB6BFAD06E49}.Ad-Hoc|ARM.ActiveCfg = Release|ARM
		{B284EB4B-69C7-4218-9B16-EB6BFAD06E49}.Ad-Hoc|ARM.Build.0 = Release|ARM
		{B284EB4B-69C7-4218-9B16-EB6BFAD06E49}.Ad-Hoc|ARM.Deploy.0 = Release|ARM
		{B284EB4B-69C7-4218-9B16-EB6BFAD06E49}.Ad-Hoc|iPhone.ActiveCfg = Release|x86
		{B284EB4B-69C7-4218-9B16-EB6BFAD06E49}.Ad-Hoc|iPhone.Build.0 = Release|x86
		{B284EB4B-69C7-4218-9B16-EB6BFAD06E49}.Ad-Hoc|iPhone.Deploy.0 = Release|x86
		{B284EB4B-69C7-4218-9B16-EB6BFAD06E49}.Ad-Hoc|iPhoneSimulator.ActiveCfg = Release|x86
		{B284EB4B-69C7-4218-9B16-EB6BFAD06E49}.Ad-Hoc|iPhoneSimulator.Build.0 = Release|x86
		{B284EB4B-69C7-4218-9B16-EB6BFAD06E49}.Ad-Hoc|iPhoneSimulator.Deploy.0 = Release|x86
		{B284EB4B-69C7-4218-9B16-EB6BFAD06E49}.Ad-Hoc|x64.ActiveCfg = Release|x64
		{B284EB4B-69C7-4218-9B16-EB6BFAD06E49}.Ad-Hoc|x64.Build.0 = Release|x64
		{B284EB4B-69C7-4218-9B16-EB6BFAD06E49}.Ad-Hoc|x64.Deploy.0 = Release|x64
		{B284EB4B-69C7-4218-9B16-EB6BFAD06E49}.Ad-Hoc|x86.ActiveCfg = Release|x86
		{B284EB4B-69C7-4218-9B16-EB6BFAD06E49}.Ad-Hoc|x86.Build.0 = Release|x86
		{B284EB4B-69C7-4218-9B16-EB6BFAD06E49}.Ad-Hoc|x86.Deploy.0 = Release|x86
		{B284EB4B-69C7-4218-9B16-EB6BFAD06E49}.AppStore|Any CPU.ActiveCfg = Release|x86
		{B284EB4B-69C7-4218-9B16-EB6BFAD06E49}.AppStore|Any CPU.Build.0 = Release|x86
		{B284EB4B-69C7-4218-9B16-EB6BFAD06E49}.AppStore|Any CPU.Deploy.0 = Release|x86
		{B284EB4B-69C7-4218-9B16-EB6BFAD06E49}.AppStore|ARM.ActiveCfg = Release|ARM
		{B284EB4B-69C7-4218-9B16-EB6BFAD06E49}.AppStore|ARM.Build.0 = Release|ARM
		{B284EB4B-69C7-4218-9B16-EB6BFAD06E49}.AppStore|ARM.Deploy.0 = Release|ARM
		{B284EB4B-69C7-4218-9B16-EB6BFAD06E49}.AppStore|iPhone.ActiveCfg = Release|x86
		{B284EB4B-69C7-4218-9B16-EB6BFAD06E49}.AppStore|iPhone.Build.0 = Release|x86
		{B284EB4B-69C7-4218-9B16-EB6BFAD06E49}.AppStore|iPhone.Deploy.0 = Release|x86
		{B284EB4B-69C7-4218-9B16-EB6BFAD06E49}.AppStore|iPhoneSimulator.ActiveCfg = Release|x86
		{B284EB4B-69C7-4218-9B16-EB6BFAD06E49}.AppStore|iPhoneSimulator.Build.0 = Release|x86
		{B284EB4B-69C7-4218-9B16-EB6BFAD06E49}.AppStore|iPhoneSimulator.Deploy.0 = Release|x86
		{B284EB4B-69C7-4218-9B16-EB6BFAD06E49}.AppStore|x64.ActiveCfg = Release|x64
		{B284EB4B-69C7-4218-9B16-EB6BFAD06E49}.AppStore|x64.Build.0 = Release|x64
		{B284EB4B-69C7-4218-9B16-EB6BFAD06E49}.AppStore|x64.Deploy.0 = Release|x64
		{B284EB4B-69C7-4218-9B16-EB6BFAD06E49}.AppStore|x86.ActiveCfg = Release|x86
		{B284EB4B-69C7-4218-9B16-EB6BFAD06E49}.AppStore|x86.Build.0 = Release|x86
		{B284EB4B-69C7-4218-9B16-EB6BFAD06E49}.AppStore|x86.Deploy.0 = Release|x86
		{B284EB4B-69C7-4218-9B16-EB6BFAD06E49}.Debug|Any CPU.ActiveCfg = Debug|x86
		{B284EB4B-69C7-4218-9B16-EB6BFAD06E49}.Debug|Any CPU.Build.0 = Debug|x86
		{B284EB4B-69C7-4218-9B16-EB6BFAD06E49}.Debug|Any CPU.Deploy.0 = Debug|x86
		{B284EB4B-69C7-4218-9B16-EB6BFAD06E49}.Debug|ARM.ActiveCfg = Debug|ARM
		{B284EB4B-69C7-4218-9B16-EB6BFAD06E49}.Debug|ARM.Build.0 = Debug|ARM
		{B284EB4B-69C7-4218-9B16-EB6BFAD06E49}.Debug|ARM.Deploy.0 = Debug|ARM
		{B284EB4B-69C7-4218-9B16-EB6BFAD06E49}.Debug|iPhone.ActiveCfg = Debug|x86
		{B284EB4B-69C7-4218-9B16-EB6BFAD06E49}.Debug|iPhone.Build.0 = Debug|x86
		{B284EB4B-69C7-4218-9B16-EB6BFAD06E49}.Debug|iPhone.Deploy.0 = Debug|x86
		{B284EB4B-69C7-4218-9B16-EB6BFAD06E49}.Debug|iPhoneSimulator.ActiveCfg = Debug|x86
		{B284EB4B-69C7-4218-9B16-EB6BFAD06E49}.Debug|iPhoneSimulator.Build.0 = Debug|x86
		{B284EB4B-69C7-4218-9B16-EB6BFAD06E49}.Debug|iPhoneSimulator.Deploy.0 = Debug|x86
		{B284EB4B-69C7-4218-9B16-EB6BFAD06E49}.Debug|x64.ActiveCfg = Debug|x64
		{B284EB4B-69C7-4218-9B16-EB6BFAD06E49}.Debug|x64.Build.0 = Debug|x64
		{B284EB4B-69C7-4218-9B16-EB6BFAD06E49}.Debug|x64.Deploy.0 = Debug|x64
		{B284EB4B-69C7-4218-9B16-EB6BFAD06E49}.Debug|x86.ActiveCfg = Debug|x86
		{B284EB4B-69C7-4218-9B16-EB6BFAD06E49}.Debug|x86.Build.0 = Debug|x86
		{B284EB4B-69C7-4218-9B16-EB6BFAD06E49}.Debug|x86.Deploy.0 = Debug|x86
		{B284EB4B-69C7-4218-9B16-EB6BFAD06E49}.Release|Any CPU.ActiveCfg = Release|x86
		{B284EB4B-69C7-4218-9B16-EB6BFAD06E49}.Release|Any CPU.Build.0 = Release|x86
		{B284EB4B-69C7-4218-9B16-EB6BFAD06E49}.Release|Any CPU.Deploy.0 = Release|x86
		{B284EB4B-69C7-4218-9B16-EB6BFAD06E49}.Release|ARM.ActiveCfg = Release|ARM
		{B284EB4B-69C7-4218-9B16-EB6BFAD06E49}.Release|ARM.Build.0 = Release|ARM
		{B284EB4B-69C7-4218-9B16-EB6BFAD06E49}.Release|ARM.Deploy.0 = Release|ARM
		{B284EB4B-69C7-4218-9B16-EB6BFAD06E49}.Release|iPhone.ActiveCfg = Release|x86
		{B284EB4B-69C7-4218-9B16-EB6BFAD06E49}.Release|iPhone.Build.0 = Release|x86
		{B284EB4B-69C7-4218-9B16-EB6BFAD06E49}.Release|iPhone.Deploy.0 = Release|x86
		{B284EB4B-69C7-4218-9B16-EB6BFAD06E49}.Release|iPhoneSimulator.ActiveCfg = Release|x86
		{B284EB4B-69C7-4218-9B16-EB6BFAD06E49}.Release|iPhoneSimulator.Build.0 = Release|x86
		{B284EB4B-69C7-4218-9B16-EB6BFAD06E49}.Release|iPhoneSimulator.Deploy.0 = Release|x86
		{B284EB4B-69C7-4218-9B16-EB6BFAD06E49}.Release|x64.ActiveCfg = Release|x64
		{B284EB4B-69C7-4218-9B16-EB6BFAD06E49}.Release|x64.Build.0 = Release|x64
		{B284EB4B-69C7-4218-9B16-EB6BFAD06E49}.Release|x64.Deploy.0 = Release|x64
		{B284EB4B-69C7-4218-9B16-EB6BFAD06E49}.Release|x86.ActiveCfg = Release|x86
		{B284EB4B-69C7-4218-9B16-EB6BFAD06E49}.Release|x86.Build.0 = Release|x86
		{B284EB4B-69C7-4218-9B16-EB6BFAD06E49}.Release|x86.Deploy.0 = Release|x86
		{6FBFD744-7CA5-4D24-9CC3-9C8BAE9C649F}.Ad-Hoc|Any CPU.ActiveCfg = Debug|Any CPU
		{6FBFD744-7CA5-4D24-9CC3-9C8BAE9C649F}.Ad-Hoc|Any CPU.Build.0 = Debug|Any CPU
		{6FBFD744-7CA5-4D24-9CC3-9C8BAE9C649F}.Ad-Hoc|Any CPU.Deploy.0 = Debug|Any CPU
		{6FBFD744-7CA5-4D24-9CC3-9C8BAE9C649F}.Ad-Hoc|ARM.ActiveCfg = Debug|Any CPU
		{6FBFD744-7CA5-4D24-9CC3-9C8BAE9C649F}.Ad-Hoc|ARM.Build.0 = Debug|Any CPU
		{6FBFD744-7CA5-4D24-9CC3-9C8BAE9C649F}.Ad-Hoc|ARM.Deploy.0 = Debug|Any CPU
		{6FBFD744-7CA5-4D24-9CC3-9C8BAE9C649F}.Ad-Hoc|iPhone.ActiveCfg = Debug|Any CPU
		{6FBFD744-7CA5-4D24-9CC3-9C8BAE9C649F}.Ad-Hoc|iPhone.Build.0 = Debug|Any CPU
		{6FBFD744-7CA5-4D24-9CC3-9C8BAE9C649F}.Ad-Hoc|iPhone.Deploy.0 = Debug|Any CPU
		{6FBFD744-7CA5-4D24-9CC3-9C8BAE9C649F}.Ad-Hoc|iPhoneSimulator.ActiveCfg = Debug|Any CPU
		{6FBFD744-7CA5-4D24-9CC3-9C8BAE9C649F}.Ad-Hoc|iPhoneSimulator.Build.0 = Debug|Any CPU
		{6FBFD744-7CA5-4D24-9CC3-9C8BAE9C649F}.Ad-Hoc|iPhoneSimulator.Deploy.0 = Debug|Any CPU
		{6FBFD744-7CA5-4D24-9CC3-9C8BAE9C649F}.Ad-Hoc|x64.ActiveCfg = Debug|Any CPU
		{6FBFD744-7CA5-4D24-9CC3-9C8BAE9C649F}.Ad-Hoc|x64.Build.0 = Debug|Any CPU
		{6FBFD744-7CA5-4D24-9CC3-9C8BAE9C649F}.Ad-Hoc|x64.Deploy.0 = Debug|Any CPU
		{6FBFD744-7CA5-4D24-9CC3-9C8BAE9C649F}.Ad-Hoc|x86.ActiveCfg = Debug|Any CPU
		{6FBFD744-7CA5-4D24-9CC3-9C8BAE9C649F}.Ad-Hoc|x86.Build.0 = Debug|Any CPU
		{6FBFD744-7CA5-4D24-9CC3-9C8BAE9C649F}.Ad-Hoc|x86.Deploy.0 = Debug|Any CPU
		{6FBFD744-7CA5-4D24-9CC3-9C8BAE9C649F}.AppStore|Any CPU.ActiveCfg = Debug|Any CPU
		{6FBFD744-7CA5-4D24-9CC3-9C8BAE9C649F}.AppStore|Any CPU.Build.0 = Debug|Any CPU
		{6FBFD744-7CA5-4D24-9CC3-9C8BAE9C649F}.AppStore|Any CPU.Deploy.0 = Debug|Any CPU
		{6FBFD744-7CA5-4D24-9CC3-9C8BAE9C649F}.AppStore|ARM.ActiveCfg = Debug|Any CPU
		{6FBFD744-7CA5-4D24-9CC3-9C8BAE9C649F}.AppStore|ARM.Build.0 = Debug|Any CPU
		{6FBFD744-7CA5-4D24-9CC3-9C8BAE9C649F}.AppStore|ARM.Deploy.0 = Debug|Any CPU
		{6FBFD744-7CA5-4D24-9CC3-9C8BAE9C649F}.AppStore|iPhone.ActiveCfg = Debug|Any CPU
		{6FBFD744-7CA5-4D24-9CC3-9C8BAE9C649F}.AppStore|iPhone.Build.0 = Debug|Any CPU
		{6FBFD744-7CA5-4D24-9CC3-9C8BAE9C649F}.AppStore|iPhone.Deploy.0 = Debug|Any CPU
		{6FBFD744-7CA5-4D24-9CC3-9C8BAE9C649F}.AppStore|iPhoneSimulator.ActiveCfg = Debug|Any CPU
		{6FBFD744-7CA5-4D24-9CC3-9C8BAE9C649F}.AppStore|iPhoneSimulator.Build.0 = Debug|Any CPU
		{6FBFD744-7CA5-4D24-9CC3-9C8BAE9C649F}.AppStore|iPhoneSimulator.Deploy.0 = Debug|Any CPU
		{6FBFD744-7CA5-4D24-9CC3-9C8BAE9C649F}.AppStore|x64.ActiveCfg = Debug|Any CPU
		{6FBFD744-7CA5-4D24-9CC3-9C8BAE9C649F}.AppStore|x64.Build.0 = Debug|Any CPU
		{6FBFD744-7CA5-4D24-9CC3-9C8BAE9C649F}.AppStore|x64.Deploy.0 = Debug|Any CPU
		{6FBFD744-7CA5-4D24-9CC3-9C8BAE9C649F}.AppStore|x86.ActiveCfg = Debug|Any CPU
		{6FBFD744-7CA5-4D24-9CC3-9C8BAE9C649F}.AppStore|x86.Build.0 = Debug|Any CPU
		{6FBFD744-7CA5-4D24-9CC3-9C8BAE9C649F}.AppStore|x86.Deploy.0 = Debug|Any CPU
		{6FBFD744-7CA5-4D24-9CC3-9C8BAE9C649F}.Debug|Any CPU.ActiveCfg = Debug|Any CPU
		{6FBFD744-7CA5-4D24-9CC3-9C8BAE9C649F}.Debug|Any CPU.Build.0 = Debug|Any CPU
		{6FBFD744-7CA5-4D24-9CC3-9C8BAE9C649F}.Debug|Any CPU.Deploy.0 = Debug|Any CPU
		{6FBFD744-7CA5-4D24-9CC3-9C8BAE9C649F}.Debug|ARM.ActiveCfg = Debug|Any CPU
		{6FBFD744-7CA5-4D24-9CC3-9C8BAE9C649F}.Debug|ARM.Build.0 = Debug|Any CPU
		{6FBFD744-7CA5-4D24-9CC3-9C8BAE9C649F}.Debug|ARM.Deploy.0 = Debug|Any CPU
		{6FBFD744-7CA5-4D24-9CC3-9C8BAE9C649F}.Debug|iPhone.ActiveCfg = Debug|Any CPU
		{6FBFD744-7CA5-4D24-9CC3-9C8BAE9C649F}.Debug|iPhone.Build.0 = Debug|Any CPU
		{6FBFD744-7CA5-4D24-9CC3-9C8BAE9C649F}.Debug|iPhone.Deploy.0 = Debug|Any CPU
		{6FBFD744-7CA5-4D24-9CC3-9C8BAE9C649F}.Debug|iPhoneSimulator.ActiveCfg = Debug|Any CPU
		{6FBFD744-7CA5-4D24-9CC3-9C8BAE9C649F}.Debug|iPhoneSimulator.Build.0 = Debug|Any CPU
		{6FBFD744-7CA5-4D24-9CC3-9C8BAE9C649F}.Debug|iPhoneSimulator.Deploy.0 = Debug|Any CPU
		{6FBFD744-7CA5-4D24-9CC3-9C8BAE9C649F}.Debug|x64.ActiveCfg = Debug|Any CPU
		{6FBFD744-7CA5-4D24-9CC3-9C8BAE9C649F}.Debug|x64.Build.0 = Debug|Any CPU
		{6FBFD744-7CA5-4D24-9CC3-9C8BAE9C649F}.Debug|x64.Deploy.0 = Debug|Any CPU
		{6FBFD744-7CA5-4D24-9CC3-9C8BAE9C649F}.Debug|x86.ActiveCfg = Debug|Any CPU
		{6FBFD744-7CA5-4D24-9CC3-9C8BAE9C649F}.Debug|x86.Build.0 = Debug|Any CPU
		{6FBFD744-7CA5-4D24-9CC3-9C8BAE9C649F}.Debug|x86.Deploy.0 = Debug|Any CPU
		{6FBFD744-7CA5-4D24-9CC3-9C8BAE9C649F}.Release|Any CPU.ActiveCfg = Release|Any CPU
		{6FBFD744-7CA5-4D24-9CC3-9C8BAE9C649F}.Release|Any CPU.Build.0 = Release|Any CPU
		{6FBFD744-7CA5-4D24-9CC3-9C8BAE9C649F}.Release|Any CPU.Deploy.0 = Release|Any CPU
		{6FBFD744-7CA5-4D24-9CC3-9C8BAE9C649F}.Release|ARM.ActiveCfg = Release|Any CPU
		{6FBFD744-7CA5-4D24-9CC3-9C8BAE9C649F}.Release|ARM.Build.0 = Release|Any CPU
		{6FBFD744-7CA5-4D24-9CC3-9C8BAE9C649F}.Release|ARM.Deploy.0 = Release|Any CPU
		{6FBFD744-7CA5-4D24-9CC3-9C8BAE9C649F}.Release|iPhone.ActiveCfg = Release|Any CPU
		{6FBFD744-7CA5-4D24-9CC3-9C8BAE9C649F}.Release|iPhone.Build.0 = Release|Any CPU
		{6FBFD744-7CA5-4D24-9CC3-9C8BAE9C649F}.Release|iPhone.Deploy.0 = Release|Any CPU
		{6FBFD744-7CA5-4D24-9CC3-9C8BAE9C649F}.Release|iPhoneSimulator.ActiveCfg = Release|Any CPU
		{6FBFD744-7CA5-4D24-9CC3-9C8BAE9C649F}.Release|iPhoneSimulator.Build.0 = Release|Any CPU
		{6FBFD744-7CA5-4D24-9CC3-9C8BAE9C649F}.Release|iPhoneSimulator.Deploy.0 = Release|Any CPU
		{6FBFD744-7CA5-4D24-9CC3-9C8BAE9C649F}.Release|x64.ActiveCfg = Release|Any CPU
		{6FBFD744-7CA5-4D24-9CC3-9C8BAE9C649F}.Release|x64.Build.0 = Release|Any CPU
		{6FBFD744-7CA5-4D24-9CC3-9C8BAE9C649F}.Release|x64.Deploy.0 = Release|Any CPU
		{6FBFD744-7CA5-4D24-9CC3-9C8BAE9C649F}.Release|x86.ActiveCfg = Release|Any CPU
		{6FBFD744-7CA5-4D24-9CC3-9C8BAE9C649F}.Release|x86.Build.0 = Release|Any CPU
		{6FBFD744-7CA5-4D24-9CC3-9C8BAE9C649F}.Release|x86.Deploy.0 = Release|Any CPU
		{0DF7AEDB-B6C8-4366-975C-22CD3468E453}.Ad-Hoc|Any CPU.ActiveCfg = Release|x86
		{0DF7AEDB-B6C8-4366-975C-22CD3468E453}.Ad-Hoc|Any CPU.Build.0 = Release|x86
		{0DF7AEDB-B6C8-4366-975C-22CD3468E453}.Ad-Hoc|ARM.ActiveCfg = Release|x86
		{0DF7AEDB-B6C8-4366-975C-22CD3468E453}.Ad-Hoc|ARM.Build.0 = Release|x86
		{0DF7AEDB-B6C8-4366-975C-22CD3468E453}.Ad-Hoc|iPhone.ActiveCfg = Release|x86
		{0DF7AEDB-B6C8-4366-975C-22CD3468E453}.Ad-Hoc|iPhone.Build.0 = Release|x86
		{0DF7AEDB-B6C8-4366-975C-22CD3468E453}.Ad-Hoc|iPhoneSimulator.ActiveCfg = Release|x86
		{0DF7AEDB-B6C8-4366-975C-22CD3468E453}.Ad-Hoc|iPhoneSimulator.Build.0 = Release|x86
		{0DF7AEDB-B6C8-4366-975C-22CD3468E453}.Ad-Hoc|x64.ActiveCfg = Release|x86
		{0DF7AEDB-B6C8-4366-975C-22CD3468E453}.Ad-Hoc|x64.Build.0 = Release|x86
		{0DF7AEDB-B6C8-4366-975C-22CD3468E453}.Ad-Hoc|x86.ActiveCfg = Release|x86
		{0DF7AEDB-B6C8-4366-975C-22CD3468E453}.Ad-Hoc|x86.Build.0 = Release|x86
		{0DF7AEDB-B6C8-4366-975C-22CD3468E453}.AppStore|Any CPU.ActiveCfg = Release|x86
		{0DF7AEDB-B6C8-4366-975C-22CD3468E453}.AppStore|Any CPU.Build.0 = Release|x86
		{0DF7AEDB-B6C8-4366-975C-22CD3468E453}.AppStore|ARM.ActiveCfg = Release|x86
		{0DF7AEDB-B6C8-4366-975C-22CD3468E453}.AppStore|ARM.Build.0 = Release|x86
		{0DF7AEDB-B6C8-4366-975C-22CD3468E453}.AppStore|iPhone.ActiveCfg = Release|x86
		{0DF7AEDB-B6C8-4366-975C-22CD3468E453}.AppStore|iPhone.Build.0 = Release|x86
		{0DF7AEDB-B6C8-4366-975C-22CD3468E453}.AppStore|iPhoneSimulator.ActiveCfg = Release|x86
		{0DF7AEDB-B6C8-4366-975C-22CD3468E453}.AppStore|iPhoneSimulator.Build.0 = Release|x86
		{0DF7AEDB-B6C8-4366-975C-22CD3468E453}.AppStore|x64.ActiveCfg = Release|x86
		{0DF7AEDB-B6C8-4366-975C-22CD3468E453}.AppStore|x64.Build.0 = Release|x86
		{0DF7AEDB-B6C8-4366-975C-22CD3468E453}.AppStore|x86.ActiveCfg = Release|x86
		{0DF7AEDB-B6C8-4366-975C-22CD3468E453}.AppStore|x86.Build.0 = Release|x86
		{0DF7AEDB-B6C8-4366-975C-22CD3468E453}.Debug|Any CPU.ActiveCfg = Debug|x86
		{0DF7AEDB-B6C8-4366-975C-22CD3468E453}.Debug|ARM.ActiveCfg = Debug|x86
		{0DF7AEDB-B6C8-4366-975C-22CD3468E453}.Debug|iPhone.ActiveCfg = Debug|x86
		{0DF7AEDB-B6C8-4366-975C-22CD3468E453}.Debug|iPhoneSimulator.ActiveCfg = Debug|x86
		{0DF7AEDB-B6C8-4366-975C-22CD3468E453}.Debug|x64.ActiveCfg = Debug|x86
		{0DF7AEDB-B6C8-4366-975C-22CD3468E453}.Debug|x86.ActiveCfg = Debug|x86
		{0DF7AEDB-B6C8-4366-975C-22CD3468E453}.Debug|x86.Build.0 = Debug|x86
		{0DF7AEDB-B6C8-4366-975C-22CD3468E453}.Release|Any CPU.ActiveCfg = Release|x86
		{0DF7AEDB-B6C8-4366-975C-22CD3468E453}.Release|ARM.ActiveCfg = Release|x86
		{0DF7AEDB-B6C8-4366-975C-22CD3468E453}.Release|iPhone.ActiveCfg = Release|x86
		{0DF7AEDB-B6C8-4366-975C-22CD3468E453}.Release|iPhoneSimulator.ActiveCfg = Release|x86
		{0DF7AEDB-B6C8-4366-975C-22CD3468E453}.Release|x64.ActiveCfg = Release|x86
		{0DF7AEDB-B6C8-4366-975C-22CD3468E453}.Release|x86.ActiveCfg = Release|x86
		{0DF7AEDB-B6C8-4366-975C-22CD3468E453}.Release|x86.Build.0 = Release|x86
		{95487945-19CA-44A7-B259-F7723A31C30A}.Ad-Hoc|Any CPU.ActiveCfg = Debug|Any CPU
		{95487945-19CA-44A7-B259-F7723A31C30A}.Ad-Hoc|Any CPU.Build.0 = Debug|Any CPU
		{95487945-19CA-44A7-B259-F7723A31C30A}.Ad-Hoc|ARM.ActiveCfg = Debug|Any CPU
		{95487945-19CA-44A7-B259-F7723A31C30A}.Ad-Hoc|ARM.Build.0 = Debug|Any CPU
		{95487945-19CA-44A7-B259-F7723A31C30A}.Ad-Hoc|iPhone.ActiveCfg = Debug|Any CPU
		{95487945-19CA-44A7-B259-F7723A31C30A}.Ad-Hoc|iPhone.Build.0 = Debug|Any CPU
		{95487945-19CA-44A7-B259-F7723A31C30A}.Ad-Hoc|iPhoneSimulator.ActiveCfg = Debug|Any CPU
		{95487945-19CA-44A7-B259-F7723A31C30A}.Ad-Hoc|iPhoneSimulator.Build.0 = Debug|Any CPU
		{95487945-19CA-44A7-B259-F7723A31C30A}.Ad-Hoc|x64.ActiveCfg = Debug|Any CPU
		{95487945-19CA-44A7-B259-F7723A31C30A}.Ad-Hoc|x64.Build.0 = Debug|Any CPU
		{95487945-19CA-44A7-B259-F7723A31C30A}.Ad-Hoc|x86.ActiveCfg = Debug|Any CPU
		{95487945-19CA-44A7-B259-F7723A31C30A}.Ad-Hoc|x86.Build.0 = Debug|Any CPU
		{95487945-19CA-44A7-B259-F7723A31C30A}.AppStore|Any CPU.ActiveCfg = Debug|Any CPU
		{95487945-19CA-44A7-B259-F7723A31C30A}.AppStore|Any CPU.Build.0 = Debug|Any CPU
		{95487945-19CA-44A7-B259-F7723A31C30A}.AppStore|ARM.ActiveCfg = Debug|Any CPU
		{95487945-19CA-44A7-B259-F7723A31C30A}.AppStore|ARM.Build.0 = Debug|Any CPU
		{95487945-19CA-44A7-B259-F7723A31C30A}.AppStore|iPhone.ActiveCfg = Debug|Any CPU
		{95487945-19CA-44A7-B259-F7723A31C30A}.AppStore|iPhone.Build.0 = Debug|Any CPU
		{95487945-19CA-44A7-B259-F7723A31C30A}.AppStore|iPhoneSimulator.ActiveCfg = Debug|Any CPU
		{95487945-19CA-44A7-B259-F7723A31C30A}.AppStore|iPhoneSimulator.Build.0 = Debug|Any CPU
		{95487945-19CA-44A7-B259-F7723A31C30A}.AppStore|x64.ActiveCfg = Debug|Any CPU
		{95487945-19CA-44A7-B259-F7723A31C30A}.AppStore|x64.Build.0 = Debug|Any CPU
		{95487945-19CA-44A7-B259-F7723A31C30A}.AppStore|x86.ActiveCfg = Debug|Any CPU
		{95487945-19CA-44A7-B259-F7723A31C30A}.AppStore|x86.Build.0 = Debug|Any CPU
		{95487945-19CA-44A7-B259-F7723A31C30A}.Debug|Any CPU.ActiveCfg = Debug|Any CPU
		{95487945-19CA-44A7-B259-F7723A31C30A}.Debug|Any CPU.Build.0 = Debug|Any CPU
		{95487945-19CA-44A7-B259-F7723A31C30A}.Debug|ARM.ActiveCfg = Debug|Any CPU
		{95487945-19CA-44A7-B259-F7723A31C30A}.Debug|ARM.Build.0 = Debug|Any CPU
		{95487945-19CA-44A7-B259-F7723A31C30A}.Debug|iPhone.ActiveCfg = Debug|Any CPU
		{95487945-19CA-44A7-B259-F7723A31C30A}.Debug|iPhone.Build.0 = Debug|Any CPU
		{95487945-19CA-44A7-B259-F7723A31C30A}.Debug|iPhoneSimulator.ActiveCfg = Debug|Any CPU
		{95487945-19CA-44A7-B259-F7723A31C30A}.Debug|iPhoneSimulator.Build.0 = Debug|Any CPU
		{95487945-19CA-44A7-B259-F7723A31C30A}.Debug|x64.ActiveCfg = Debug|Any CPU
		{95487945-19CA-44A7-B259-F7723A31C30A}.Debug|x64.Build.0 = Debug|Any CPU
		{95487945-19CA-44A7-B259-F7723A31C30A}.Debug|x86.ActiveCfg = Debug|Any CPU
		{95487945-19CA-44A7-B259-F7723A31C30A}.Debug|x86.Build.0 = Debug|Any CPU
		{95487945-19CA-44A7-B259-F7723A31C30A}.Release|Any CPU.ActiveCfg = Release|Any CPU
		{95487945-19CA-44A7-B259-F7723A31C30A}.Release|Any CPU.Build.0 = Release|Any CPU
		{95487945-19CA-44A7-B259-F7723A31C30A}.Release|ARM.ActiveCfg = Release|Any CPU
		{95487945-19CA-44A7-B259-F7723A31C30A}.Release|ARM.Build.0 = Release|Any CPU
		{95487945-19CA-44A7-B259-F7723A31C30A}.Release|iPhone.ActiveCfg = Release|Any CPU
		{95487945-19CA-44A7-B259-F7723A31C30A}.Release|iPhone.Build.0 = Release|Any CPU
		{95487945-19CA-44A7-B259-F7723A31C30A}.Release|iPhoneSimulator.ActiveCfg = Release|Any CPU
		{95487945-19CA-44A7-B259-F7723A31C30A}.Release|iPhoneSimulator.Build.0 = Release|Any CPU
		{95487945-19CA-44A7-B259-F7723A31C30A}.Release|x64.ActiveCfg = Release|Any CPU
		{95487945-19CA-44A7-B259-F7723A31C30A}.Release|x64.Build.0 = Release|Any CPU
		{95487945-19CA-44A7-B259-F7723A31C30A}.Release|x86.ActiveCfg = Release|Any CPU
		{95487945-19CA-44A7-B259-F7723A31C30A}.Release|x86.Build.0 = Release|Any CPU
		{7836B5B3-C155-4613-8C9A-EA854F46D107}.Ad-Hoc|Any CPU.ActiveCfg = Release|Any CPU
		{7836B5B3-C155-4613-8C9A-EA854F46D107}.Ad-Hoc|Any CPU.Build.0 = Release|Any CPU
		{7836B5B3-C155-4613-8C9A-EA854F46D107}.Ad-Hoc|ARM.ActiveCfg = Release|Any CPU
		{7836B5B3-C155-4613-8C9A-EA854F46D107}.Ad-Hoc|ARM.Build.0 = Release|Any CPU
		{7836B5B3-C155-4613-8C9A-EA854F46D107}.Ad-Hoc|iPhone.ActiveCfg = Release|Any CPU
		{7836B5B3-C155-4613-8C9A-EA854F46D107}.Ad-Hoc|iPhone.Build.0 = Release|Any CPU
		{7836B5B3-C155-4613-8C9A-EA854F46D107}.Ad-Hoc|iPhoneSimulator.ActiveCfg = Release|Any CPU
		{7836B5B3-C155-4613-8C9A-EA854F46D107}.Ad-Hoc|iPhoneSimulator.Build.0 = Release|Any CPU
		{7836B5B3-C155-4613-8C9A-EA854F46D107}.Ad-Hoc|x64.ActiveCfg = Release|Any CPU
		{7836B5B3-C155-4613-8C9A-EA854F46D107}.Ad-Hoc|x64.Build.0 = Release|Any CPU
		{7836B5B3-C155-4613-8C9A-EA854F46D107}.Ad-Hoc|x86.ActiveCfg = Release|Any CPU
		{7836B5B3-C155-4613-8C9A-EA854F46D107}.Ad-Hoc|x86.Build.0 = Release|Any CPU
		{7836B5B3-C155-4613-8C9A-EA854F46D107}.AppStore|Any CPU.ActiveCfg = Release|Any CPU
		{7836B5B3-C155-4613-8C9A-EA854F46D107}.AppStore|Any CPU.Build.0 = Release|Any CPU
		{7836B5B3-C155-4613-8C9A-EA854F46D107}.AppStore|ARM.ActiveCfg = Release|Any CPU
		{7836B5B3-C155-4613-8C9A-EA854F46D107}.AppStore|ARM.Build.0 = Release|Any CPU
		{7836B5B3-C155-4613-8C9A-EA854F46D107}.AppStore|iPhone.ActiveCfg = Release|Any CPU
		{7836B5B3-C155-4613-8C9A-EA854F46D107}.AppStore|iPhone.Build.0 = Release|Any CPU
		{7836B5B3-C155-4613-8C9A-EA854F46D107}.AppStore|iPhoneSimulator.ActiveCfg = Release|Any CPU
		{7836B5B3-C155-4613-8C9A-EA854F46D107}.AppStore|iPhoneSimulator.Build.0 = Release|Any CPU
		{7836B5B3-C155-4613-8C9A-EA854F46D107}.AppStore|x64.ActiveCfg = Release|Any CPU
		{7836B5B3-C155-4613-8C9A-EA854F46D107}.AppStore|x64.Build.0 = Release|Any CPU
		{7836B5B3-C155-4613-8C9A-EA854F46D107}.AppStore|x86.ActiveCfg = Release|Any CPU
		{7836B5B3-C155-4613-8C9A-EA854F46D107}.AppStore|x86.Build.0 = Release|Any CPU
		{7836B5B3-C155-4613-8C9A-EA854F46D107}.Debug|Any CPU.ActiveCfg = Debug|Any CPU
		{7836B5B3-C155-4613-8C9A-EA854F46D107}.Debug|Any CPU.Build.0 = Debug|Any CPU
		{7836B5B3-C155-4613-8C9A-EA854F46D107}.Debug|ARM.ActiveCfg = Debug|Any CPU
		{7836B5B3-C155-4613-8C9A-EA854F46D107}.Debug|ARM.Build.0 = Debug|Any CPU
		{7836B5B3-C155-4613-8C9A-EA854F46D107}.Debug|iPhone.ActiveCfg = Debug|Any CPU
		{7836B5B3-C155-4613-8C9A-EA854F46D107}.Debug|iPhone.Build.0 = Debug|Any CPU
		{7836B5B3-C155-4613-8C9A-EA854F46D107}.Debug|iPhoneSimulator.ActiveCfg = Debug|Any CPU
		{7836B5B3-C155-4613-8C9A-EA854F46D107}.Debug|iPhoneSimulator.Build.0 = Debug|Any CPU
		{7836B5B3-C155-4613-8C9A-EA854F46D107}.Debug|x64.ActiveCfg = Debug|Any CPU
		{7836B5B3-C155-4613-8C9A-EA854F46D107}.Debug|x64.Build.0 = Debug|Any CPU
		{7836B5B3-C155-4613-8C9A-EA854F46D107}.Debug|x86.ActiveCfg = Debug|Any CPU
		{7836B5B3-C155-4613-8C9A-EA854F46D107}.Debug|x86.Build.0 = Debug|Any CPU
		{7836B5B3-C155-4613-8C9A-EA854F46D107}.Release|Any CPU.ActiveCfg = Release|Any CPU
		{7836B5B3-C155-4613-8C9A-EA854F46D107}.Release|Any CPU.Build.0 = Release|Any CPU
		{7836B5B3-C155-4613-8C9A-EA854F46D107}.Release|ARM.ActiveCfg = Release|Any CPU
		{7836B5B3-C155-4613-8C9A-EA854F46D107}.Release|ARM.Build.0 = Release|Any CPU
		{7836B5B3-C155-4613-8C9A-EA854F46D107}.Release|iPhone.ActiveCfg = Release|Any CPU
		{7836B5B3-C155-4613-8C9A-EA854F46D107}.Release|iPhone.Build.0 = Release|Any CPU
		{7836B5B3-C155-4613-8C9A-EA854F46D107}.Release|iPhoneSimulator.ActiveCfg = Release|Any CPU
		{7836B5B3-C155-4613-8C9A-EA854F46D107}.Release|iPhoneSimulator.Build.0 = Release|Any CPU
		{7836B5B3-C155-4613-8C9A-EA854F46D107}.Release|x64.ActiveCfg = Release|Any CPU
		{7836B5B3-C155-4613-8C9A-EA854F46D107}.Release|x64.Build.0 = Release|Any CPU
		{7836B5B3-C155-4613-8C9A-EA854F46D107}.Release|x86.ActiveCfg = Release|Any CPU
		{7836B5B3-C155-4613-8C9A-EA854F46D107}.Release|x86.Build.0 = Release|Any CPU
		{603472C5-1F1A-43EB-A374-BF537012A445}.Ad-Hoc|Any CPU.ActiveCfg = Release|Any CPU
		{603472C5-1F1A-43EB-A374-BF537012A445}.Ad-Hoc|Any CPU.Build.0 = Release|Any CPU
		{603472C5-1F1A-43EB-A374-BF537012A445}.Ad-Hoc|ARM.ActiveCfg = Release|Any CPU
		{603472C5-1F1A-43EB-A374-BF537012A445}.Ad-Hoc|ARM.Build.0 = Release|Any CPU
		{603472C5-1F1A-43EB-A374-BF537012A445}.Ad-Hoc|iPhone.ActiveCfg = Release|Any CPU
		{603472C5-1F1A-43EB-A374-BF537012A445}.Ad-Hoc|iPhone.Build.0 = Release|Any CPU
		{603472C5-1F1A-43EB-A374-BF537012A445}.Ad-Hoc|iPhoneSimulator.ActiveCfg = Release|Any CPU
		{603472C5-1F1A-43EB-A374-BF537012A445}.Ad-Hoc|iPhoneSimulator.Build.0 = Release|Any CPU
		{603472C5-1F1A-43EB-A374-BF537012A445}.Ad-Hoc|x64.ActiveCfg = Release|Any CPU
		{603472C5-1F1A-43EB-A374-BF537012A445}.Ad-Hoc|x64.Build.0 = Release|Any CPU
		{603472C5-1F1A-43EB-A374-BF537012A445}.Ad-Hoc|x86.ActiveCfg = Release|Any CPU
		{603472C5-1F1A-43EB-A374-BF537012A445}.Ad-Hoc|x86.Build.0 = Release|Any CPU
		{603472C5-1F1A-43EB-A374-BF537012A445}.AppStore|Any CPU.ActiveCfg = Release|Any CPU
		{603472C5-1F1A-43EB-A374-BF537012A445}.AppStore|Any CPU.Build.0 = Release|Any CPU
		{603472C5-1F1A-43EB-A374-BF537012A445}.AppStore|ARM.ActiveCfg = Release|Any CPU
		{603472C5-1F1A-43EB-A374-BF537012A445}.AppStore|ARM.Build.0 = Release|Any CPU
		{603472C5-1F1A-43EB-A374-BF537012A445}.AppStore|iPhone.ActiveCfg = Release|Any CPU
		{603472C5-1F1A-43EB-A374-BF537012A445}.AppStore|iPhone.Build.0 = Release|Any CPU
		{603472C5-1F1A-43EB-A374-BF537012A445}.AppStore|iPhoneSimulator.ActiveCfg = Release|Any CPU
		{603472C5-1F1A-43EB-A374-BF537012A445}.AppStore|iPhoneSimulator.Build.0 = Release|Any CPU
		{603472C5-1F1A-43EB-A374-BF537012A445}.AppStore|x64.ActiveCfg = Release|Any CPU
		{603472C5-1F1A-43EB-A374-BF537012A445}.AppStore|x64.Build.0 = Release|Any CPU
		{603472C5-1F1A-43EB-A374-BF537012A445}.AppStore|x86.ActiveCfg = Release|Any CPU
		{603472C5-1F1A-43EB-A374-BF537012A445}.AppStore|x86.Build.0 = Release|Any CPU
		{603472C5-1F1A-43EB-A374-BF537012A445}.Debug|Any CPU.ActiveCfg = Debug|Any CPU
		{603472C5-1F1A-43EB-A374-BF537012A445}.Debug|Any CPU.Build.0 = Debug|Any CPU
		{603472C5-1F1A-43EB-A374-BF537012A445}.Debug|ARM.ActiveCfg = Debug|Any CPU
		{603472C5-1F1A-43EB-A374-BF537012A445}.Debug|ARM.Build.0 = Debug|Any CPU
		{603472C5-1F1A-43EB-A374-BF537012A445}.Debug|iPhone.ActiveCfg = Debug|Any CPU
		{603472C5-1F1A-43EB-A374-BF537012A445}.Debug|iPhone.Build.0 = Debug|Any CPU
		{603472C5-1F1A-43EB-A374-BF537012A445}.Debug|iPhoneSimulator.ActiveCfg = Debug|Any CPU
		{603472C5-1F1A-43EB-A374-BF537012A445}.Debug|iPhoneSimulator.Build.0 = Debug|Any CPU
		{603472C5-1F1A-43EB-A374-BF537012A445}.Debug|x64.ActiveCfg = Debug|Any CPU
		{603472C5-1F1A-43EB-A374-BF537012A445}.Debug|x64.Build.0 = Debug|Any CPU
		{603472C5-1F1A-43EB-A374-BF537012A445}.Debug|x86.ActiveCfg = Debug|Any CPU
		{603472C5-1F1A-43EB-A374-BF537012A445}.Debug|x86.Build.0 = Debug|Any CPU
		{603472C5-1F1A-43EB-A374-BF537012A445}.Release|Any CPU.ActiveCfg = Release|Any CPU
		{603472C5-1F1A-43EB-A374-BF537012A445}.Release|Any CPU.Build.0 = Release|Any CPU
		{603472C5-1F1A-43EB-A374-BF537012A445}.Release|ARM.ActiveCfg = Release|Any CPU
		{603472C5-1F1A-43EB-A374-BF537012A445}.Release|ARM.Build.0 = Release|Any CPU
		{603472C5-1F1A-43EB-A374-BF537012A445}.Release|iPhone.ActiveCfg = Release|Any CPU
		{603472C5-1F1A-43EB-A374-BF537012A445}.Release|iPhone.Build.0 = Release|Any CPU
		{603472C5-1F1A-43EB-A374-BF537012A445}.Release|iPhoneSimulator.ActiveCfg = Release|Any CPU
		{603472C5-1F1A-43EB-A374-BF537012A445}.Release|iPhoneSimulator.Build.0 = Release|Any CPU
		{603472C5-1F1A-43EB-A374-BF537012A445}.Release|x64.ActiveCfg = Release|Any CPU
		{603472C5-1F1A-43EB-A374-BF537012A445}.Release|x64.Build.0 = Release|Any CPU
		{603472C5-1F1A-43EB-A374-BF537012A445}.Release|x86.ActiveCfg = Release|Any CPU
		{603472C5-1F1A-43EB-A374-BF537012A445}.Release|x86.Build.0 = Release|Any CPU
		{67C51505-701B-4ABD-820B-088F46262C6E}.Ad-Hoc|Any CPU.ActiveCfg = Debug|Any CPU
		{67C51505-701B-4ABD-820B-088F46262C6E}.Ad-Hoc|Any CPU.Build.0 = Debug|Any CPU
		{67C51505-701B-4ABD-820B-088F46262C6E}.Ad-Hoc|ARM.ActiveCfg = Debug|Any CPU
		{67C51505-701B-4ABD-820B-088F46262C6E}.Ad-Hoc|ARM.Build.0 = Debug|Any CPU
		{67C51505-701B-4ABD-820B-088F46262C6E}.Ad-Hoc|iPhone.ActiveCfg = Debug|Any CPU
		{67C51505-701B-4ABD-820B-088F46262C6E}.Ad-Hoc|iPhone.Build.0 = Debug|Any CPU
		{67C51505-701B-4ABD-820B-088F46262C6E}.Ad-Hoc|iPhoneSimulator.ActiveCfg = Debug|Any CPU
		{67C51505-701B-4ABD-820B-088F46262C6E}.Ad-Hoc|iPhoneSimulator.Build.0 = Debug|Any CPU
		{67C51505-701B-4ABD-820B-088F46262C6E}.Ad-Hoc|x64.ActiveCfg = Debug|Any CPU
		{67C51505-701B-4ABD-820B-088F46262C6E}.Ad-Hoc|x64.Build.0 = Debug|Any CPU
		{67C51505-701B-4ABD-820B-088F46262C6E}.Ad-Hoc|x86.ActiveCfg = Debug|Any CPU
		{67C51505-701B-4ABD-820B-088F46262C6E}.Ad-Hoc|x86.Build.0 = Debug|Any CPU
		{67C51505-701B-4ABD-820B-088F46262C6E}.AppStore|Any CPU.ActiveCfg = Debug|Any CPU
		{67C51505-701B-4ABD-820B-088F46262C6E}.AppStore|Any CPU.Build.0 = Debug|Any CPU
		{67C51505-701B-4ABD-820B-088F46262C6E}.AppStore|ARM.ActiveCfg = Debug|Any CPU
		{67C51505-701B-4ABD-820B-088F46262C6E}.AppStore|ARM.Build.0 = Debug|Any CPU
		{67C51505-701B-4ABD-820B-088F46262C6E}.AppStore|iPhone.ActiveCfg = Debug|Any CPU
		{67C51505-701B-4ABD-820B-088F46262C6E}.AppStore|iPhone.Build.0 = Debug|Any CPU
		{67C51505-701B-4ABD-820B-088F46262C6E}.AppStore|iPhoneSimulator.ActiveCfg = Debug|Any CPU
		{67C51505-701B-4ABD-820B-088F46262C6E}.AppStore|iPhoneSimulator.Build.0 = Debug|Any CPU
		{67C51505-701B-4ABD-820B-088F46262C6E}.AppStore|x64.ActiveCfg = Debug|Any CPU
		{67C51505-701B-4ABD-820B-088F46262C6E}.AppStore|x64.Build.0 = Debug|Any CPU
		{67C51505-701B-4ABD-820B-088F46262C6E}.AppStore|x86.ActiveCfg = Debug|Any CPU
		{67C51505-701B-4ABD-820B-088F46262C6E}.AppStore|x86.Build.0 = Debug|Any CPU
		{67C51505-701B-4ABD-820B-088F46262C6E}.Debug|Any CPU.ActiveCfg = Debug|Any CPU
		{67C51505-701B-4ABD-820B-088F46262C6E}.Debug|Any CPU.Build.0 = Debug|Any CPU
		{67C51505-701B-4ABD-820B-088F46262C6E}.Debug|ARM.ActiveCfg = Debug|Any CPU
		{67C51505-701B-4ABD-820B-088F46262C6E}.Debug|ARM.Build.0 = Debug|Any CPU
		{67C51505-701B-4ABD-820B-088F46262C6E}.Debug|iPhone.ActiveCfg = Debug|Any CPU
		{67C51505-701B-4ABD-820B-088F46262C6E}.Debug|iPhone.Build.0 = Debug|Any CPU
		{67C51505-701B-4ABD-820B-088F46262C6E}.Debug|iPhoneSimulator.ActiveCfg = Debug|Any CPU
		{67C51505-701B-4ABD-820B-088F46262C6E}.Debug|iPhoneSimulator.Build.0 = Debug|Any CPU
		{67C51505-701B-4ABD-820B-088F46262C6E}.Debug|x64.ActiveCfg = Debug|Any CPU
		{67C51505-701B-4ABD-820B-088F46262C6E}.Debug|x64.Build.0 = Debug|Any CPU
		{67C51505-701B-4ABD-820B-088F46262C6E}.Debug|x86.ActiveCfg = Debug|Any CPU
		{67C51505-701B-4ABD-820B-088F46262C6E}.Debug|x86.Build.0 = Debug|Any CPU
		{67C51505-701B-4ABD-820B-088F46262C6E}.Release|Any CPU.ActiveCfg = Release|Any CPU
		{67C51505-701B-4ABD-820B-088F46262C6E}.Release|Any CPU.Build.0 = Release|Any CPU
		{67C51505-701B-4ABD-820B-088F46262C6E}.Release|ARM.ActiveCfg = Release|Any CPU
		{67C51505-701B-4ABD-820B-088F46262C6E}.Release|ARM.Build.0 = Release|Any CPU
		{67C51505-701B-4ABD-820B-088F46262C6E}.Release|iPhone.ActiveCfg = Release|Any CPU
		{67C51505-701B-4ABD-820B-088F46262C6E}.Release|iPhone.Build.0 = Release|Any CPU
		{67C51505-701B-4ABD-820B-088F46262C6E}.Release|iPhoneSimulator.ActiveCfg = Release|Any CPU
		{67C51505-701B-4ABD-820B-088F46262C6E}.Release|iPhoneSimulator.Build.0 = Release|Any CPU
		{67C51505-701B-4ABD-820B-088F46262C6E}.Release|x64.ActiveCfg = Release|Any CPU
		{67C51505-701B-4ABD-820B-088F46262C6E}.Release|x64.Build.0 = Release|Any CPU
		{67C51505-701B-4ABD-820B-088F46262C6E}.Release|x86.ActiveCfg = Release|Any CPU
		{67C51505-701B-4ABD-820B-088F46262C6E}.Release|x86.Build.0 = Release|Any CPU
		{FAD97B7C-EEB3-4680-93C1-7BC20538326E}.Ad-Hoc|Any CPU.ActiveCfg = Debug|Any CPU
		{FAD97B7C-EEB3-4680-93C1-7BC20538326E}.Ad-Hoc|Any CPU.Build.0 = Debug|Any CPU
		{FAD97B7C-EEB3-4680-93C1-7BC20538326E}.Ad-Hoc|ARM.ActiveCfg = Debug|Any CPU
		{FAD97B7C-EEB3-4680-93C1-7BC20538326E}.Ad-Hoc|ARM.Build.0 = Debug|Any CPU
		{FAD97B7C-EEB3-4680-93C1-7BC20538326E}.Ad-Hoc|iPhone.ActiveCfg = Debug|Any CPU
		{FAD97B7C-EEB3-4680-93C1-7BC20538326E}.Ad-Hoc|iPhone.Build.0 = Debug|Any CPU
		{FAD97B7C-EEB3-4680-93C1-7BC20538326E}.Ad-Hoc|iPhoneSimulator.ActiveCfg = Debug|Any CPU
		{FAD97B7C-EEB3-4680-93C1-7BC20538326E}.Ad-Hoc|iPhoneSimulator.Build.0 = Debug|Any CPU
		{FAD97B7C-EEB3-4680-93C1-7BC20538326E}.Ad-Hoc|x64.ActiveCfg = Debug|Any CPU
		{FAD97B7C-EEB3-4680-93C1-7BC20538326E}.Ad-Hoc|x64.Build.0 = Debug|Any CPU
		{FAD97B7C-EEB3-4680-93C1-7BC20538326E}.Ad-Hoc|x86.ActiveCfg = Debug|Any CPU
		{FAD97B7C-EEB3-4680-93C1-7BC20538326E}.Ad-Hoc|x86.Build.0 = Debug|Any CPU
		{FAD97B7C-EEB3-4680-93C1-7BC20538326E}.AppStore|Any CPU.ActiveCfg = Debug|Any CPU
		{FAD97B7C-EEB3-4680-93C1-7BC20538326E}.AppStore|Any CPU.Build.0 = Debug|Any CPU
		{FAD97B7C-EEB3-4680-93C1-7BC20538326E}.AppStore|ARM.ActiveCfg = Debug|Any CPU
		{FAD97B7C-EEB3-4680-93C1-7BC20538326E}.AppStore|ARM.Build.0 = Debug|Any CPU
		{FAD97B7C-EEB3-4680-93C1-7BC20538326E}.AppStore|iPhone.ActiveCfg = Debug|Any CPU
		{FAD97B7C-EEB3-4680-93C1-7BC20538326E}.AppStore|iPhone.Build.0 = Debug|Any CPU
		{FAD97B7C-EEB3-4680-93C1-7BC20538326E}.AppStore|iPhoneSimulator.ActiveCfg = Debug|Any CPU
		{FAD97B7C-EEB3-4680-93C1-7BC20538326E}.AppStore|iPhoneSimulator.Build.0 = Debug|Any CPU
		{FAD97B7C-EEB3-4680-93C1-7BC20538326E}.AppStore|x64.ActiveCfg = Debug|Any CPU
		{FAD97B7C-EEB3-4680-93C1-7BC20538326E}.AppStore|x64.Build.0 = Debug|Any CPU
		{FAD97B7C-EEB3-4680-93C1-7BC20538326E}.AppStore|x86.ActiveCfg = Debug|Any CPU
		{FAD97B7C-EEB3-4680-93C1-7BC20538326E}.AppStore|x86.Build.0 = Debug|Any CPU
		{FAD97B7C-EEB3-4680-93C1-7BC20538326E}.Debug|Any CPU.ActiveCfg = Debug|Any CPU
		{FAD97B7C-EEB3-4680-93C1-7BC20538326E}.Debug|Any CPU.Build.0 = Debug|Any CPU
		{FAD97B7C-EEB3-4680-93C1-7BC20538326E}.Debug|ARM.ActiveCfg = Debug|Any CPU
		{FAD97B7C-EEB3-4680-93C1-7BC20538326E}.Debug|ARM.Build.0 = Debug|Any CPU
		{FAD97B7C-EEB3-4680-93C1-7BC20538326E}.Debug|iPhone.ActiveCfg = Debug|Any CPU
		{FAD97B7C-EEB3-4680-93C1-7BC20538326E}.Debug|iPhone.Build.0 = Debug|Any CPU
		{FAD97B7C-EEB3-4680-93C1-7BC20538326E}.Debug|iPhoneSimulator.ActiveCfg = Debug|Any CPU
		{FAD97B7C-EEB3-4680-93C1-7BC20538326E}.Debug|iPhoneSimulator.Build.0 = Debug|Any CPU
		{FAD97B7C-EEB3-4680-93C1-7BC20538326E}.Debug|x64.ActiveCfg = Debug|Any CPU
		{FAD97B7C-EEB3-4680-93C1-7BC20538326E}.Debug|x64.Build.0 = Debug|Any CPU
		{FAD97B7C-EEB3-4680-93C1-7BC20538326E}.Debug|x86.ActiveCfg = Debug|Any CPU
		{FAD97B7C-EEB3-4680-93C1-7BC20538326E}.Debug|x86.Build.0 = Debug|Any CPU
		{FAD97B7C-EEB3-4680-93C1-7BC20538326E}.Release|Any CPU.ActiveCfg = Release|Any CPU
		{FAD97B7C-EEB3-4680-93C1-7BC20538326E}.Release|Any CPU.Build.0 = Release|Any CPU
		{FAD97B7C-EEB3-4680-93C1-7BC20538326E}.Release|ARM.ActiveCfg = Release|Any CPU
		{FAD97B7C-EEB3-4680-93C1-7BC20538326E}.Release|ARM.Build.0 = Release|Any CPU
		{FAD97B7C-EEB3-4680-93C1-7BC20538326E}.Release|iPhone.ActiveCfg = Release|Any CPU
		{FAD97B7C-EEB3-4680-93C1-7BC20538326E}.Release|iPhone.Build.0 = Release|Any CPU
		{FAD97B7C-EEB3-4680-93C1-7BC20538326E}.Release|iPhoneSimulator.ActiveCfg = Release|Any CPU
		{FAD97B7C-EEB3-4680-93C1-7BC20538326E}.Release|iPhoneSimulator.Build.0 = Release|Any CPU
		{FAD97B7C-EEB3-4680-93C1-7BC20538326E}.Release|x64.ActiveCfg = Release|Any CPU
		{FAD97B7C-EEB3-4680-93C1-7BC20538326E}.Release|x64.Build.0 = Release|Any CPU
		{FAD97B7C-EEB3-4680-93C1-7BC20538326E}.Release|x86.ActiveCfg = Release|Any CPU
		{FAD97B7C-EEB3-4680-93C1-7BC20538326E}.Release|x86.Build.0 = Release|Any CPU
		{97852223-F9A5-44D7-9976-6267952DF807}.Ad-Hoc|Any CPU.ActiveCfg = Debug|Any CPU
		{97852223-F9A5-44D7-9976-6267952DF807}.Ad-Hoc|Any CPU.Build.0 = Debug|Any CPU
		{97852223-F9A5-44D7-9976-6267952DF807}.Ad-Hoc|ARM.ActiveCfg = Debug|Any CPU
		{97852223-F9A5-44D7-9976-6267952DF807}.Ad-Hoc|ARM.Build.0 = Debug|Any CPU
		{97852223-F9A5-44D7-9976-6267952DF807}.Ad-Hoc|iPhone.ActiveCfg = Debug|Any CPU
		{97852223-F9A5-44D7-9976-6267952DF807}.Ad-Hoc|iPhone.Build.0 = Debug|Any CPU
		{97852223-F9A5-44D7-9976-6267952DF807}.Ad-Hoc|iPhoneSimulator.ActiveCfg = Debug|Any CPU
		{97852223-F9A5-44D7-9976-6267952DF807}.Ad-Hoc|iPhoneSimulator.Build.0 = Debug|Any CPU
		{97852223-F9A5-44D7-9976-6267952DF807}.Ad-Hoc|x64.ActiveCfg = Debug|Any CPU
		{97852223-F9A5-44D7-9976-6267952DF807}.Ad-Hoc|x64.Build.0 = Debug|Any CPU
		{97852223-F9A5-44D7-9976-6267952DF807}.Ad-Hoc|x86.ActiveCfg = Debug|Any CPU
		{97852223-F9A5-44D7-9976-6267952DF807}.Ad-Hoc|x86.Build.0 = Debug|Any CPU
		{97852223-F9A5-44D7-9976-6267952DF807}.AppStore|Any CPU.ActiveCfg = Debug|Any CPU
		{97852223-F9A5-44D7-9976-6267952DF807}.AppStore|Any CPU.Build.0 = Debug|Any CPU
		{97852223-F9A5-44D7-9976-6267952DF807}.AppStore|ARM.ActiveCfg = Debug|Any CPU
		{97852223-F9A5-44D7-9976-6267952DF807}.AppStore|ARM.Build.0 = Debug|Any CPU
		{97852223-F9A5-44D7-9976-6267952DF807}.AppStore|iPhone.ActiveCfg = Debug|Any CPU
		{97852223-F9A5-44D7-9976-6267952DF807}.AppStore|iPhone.Build.0 = Debug|Any CPU
		{97852223-F9A5-44D7-9976-6267952DF807}.AppStore|iPhoneSimulator.ActiveCfg = Debug|Any CPU
		{97852223-F9A5-44D7-9976-6267952DF807}.AppStore|iPhoneSimulator.Build.0 = Debug|Any CPU
		{97852223-F9A5-44D7-9976-6267952DF807}.AppStore|x64.ActiveCfg = Debug|Any CPU
		{97852223-F9A5-44D7-9976-6267952DF807}.AppStore|x64.Build.0 = Debug|Any CPU
		{97852223-F9A5-44D7-9976-6267952DF807}.AppStore|x86.ActiveCfg = Debug|Any CPU
		{97852223-F9A5-44D7-9976-6267952DF807}.AppStore|x86.Build.0 = Debug|Any CPU
		{97852223-F9A5-44D7-9976-6267952DF807}.Debug|Any CPU.ActiveCfg = Debug|Any CPU
		{97852223-F9A5-44D7-9976-6267952DF807}.Debug|Any CPU.Build.0 = Debug|Any CPU
		{97852223-F9A5-44D7-9976-6267952DF807}.Debug|ARM.ActiveCfg = Debug|Any CPU
		{97852223-F9A5-44D7-9976-6267952DF807}.Debug|ARM.Build.0 = Debug|Any CPU
		{97852223-F9A5-44D7-9976-6267952DF807}.Debug|iPhone.ActiveCfg = Debug|Any CPU
		{97852223-F9A5-44D7-9976-6267952DF807}.Debug|iPhone.Build.0 = Debug|Any CPU
		{97852223-F9A5-44D7-9976-6267952DF807}.Debug|iPhoneSimulator.ActiveCfg = Debug|Any CPU
		{97852223-F9A5-44D7-9976-6267952DF807}.Debug|iPhoneSimulator.Build.0 = Debug|Any CPU
		{97852223-F9A5-44D7-9976-6267952DF807}.Debug|x64.ActiveCfg = Debug|Any CPU
		{97852223-F9A5-44D7-9976-6267952DF807}.Debug|x64.Build.0 = Debug|Any CPU
		{97852223-F9A5-44D7-9976-6267952DF807}.Debug|x86.ActiveCfg = Debug|Any CPU
		{97852223-F9A5-44D7-9976-6267952DF807}.Debug|x86.Build.0 = Debug|Any CPU
		{97852223-F9A5-44D7-9976-6267952DF807}.Release|Any CPU.ActiveCfg = Release|Any CPU
		{97852223-F9A5-44D7-9976-6267952DF807}.Release|Any CPU.Build.0 = Release|Any CPU
		{97852223-F9A5-44D7-9976-6267952DF807}.Release|ARM.ActiveCfg = Release|Any CPU
		{97852223-F9A5-44D7-9976-6267952DF807}.Release|ARM.Build.0 = Release|Any CPU
		{97852223-F9A5-44D7-9976-6267952DF807}.Release|iPhone.ActiveCfg = Release|Any CPU
		{97852223-F9A5-44D7-9976-6267952DF807}.Release|iPhone.Build.0 = Release|Any CPU
		{97852223-F9A5-44D7-9976-6267952DF807}.Release|iPhoneSimulator.ActiveCfg = Release|Any CPU
		{97852223-F9A5-44D7-9976-6267952DF807}.Release|iPhoneSimulator.Build.0 = Release|Any CPU
		{97852223-F9A5-44D7-9976-6267952DF807}.Release|x64.ActiveCfg = Release|Any CPU
		{97852223-F9A5-44D7-9976-6267952DF807}.Release|x64.Build.0 = Release|Any CPU
		{97852223-F9A5-44D7-9976-6267952DF807}.Release|x86.ActiveCfg = Release|Any CPU
		{97852223-F9A5-44D7-9976-6267952DF807}.Release|x86.Build.0 = Release|Any CPU
		{A0D86620-0B5B-4EA0-828F-40D5B42FFA6E}.Ad-Hoc|Any CPU.ActiveCfg = Debug|Any CPU
		{A0D86620-0B5B-4EA0-828F-40D5B42FFA6E}.Ad-Hoc|Any CPU.Build.0 = Debug|Any CPU
		{A0D86620-0B5B-4EA0-828F-40D5B42FFA6E}.Ad-Hoc|ARM.ActiveCfg = Debug|Any CPU
		{A0D86620-0B5B-4EA0-828F-40D5B42FFA6E}.Ad-Hoc|ARM.Build.0 = Debug|Any CPU
		{A0D86620-0B5B-4EA0-828F-40D5B42FFA6E}.Ad-Hoc|iPhone.ActiveCfg = Debug|Any CPU
		{A0D86620-0B5B-4EA0-828F-40D5B42FFA6E}.Ad-Hoc|iPhone.Build.0 = Debug|Any CPU
		{A0D86620-0B5B-4EA0-828F-40D5B42FFA6E}.Ad-Hoc|iPhoneSimulator.ActiveCfg = Debug|Any CPU
		{A0D86620-0B5B-4EA0-828F-40D5B42FFA6E}.Ad-Hoc|iPhoneSimulator.Build.0 = Debug|Any CPU
		{A0D86620-0B5B-4EA0-828F-40D5B42FFA6E}.Ad-Hoc|x64.ActiveCfg = Debug|Any CPU
		{A0D86620-0B5B-4EA0-828F-40D5B42FFA6E}.Ad-Hoc|x64.Build.0 = Debug|Any CPU
		{A0D86620-0B5B-4EA0-828F-40D5B42FFA6E}.Ad-Hoc|x86.ActiveCfg = Debug|Any CPU
		{A0D86620-0B5B-4EA0-828F-40D5B42FFA6E}.Ad-Hoc|x86.Build.0 = Debug|Any CPU
		{A0D86620-0B5B-4EA0-828F-40D5B42FFA6E}.AppStore|Any CPU.ActiveCfg = Debug|Any CPU
		{A0D86620-0B5B-4EA0-828F-40D5B42FFA6E}.AppStore|Any CPU.Build.0 = Debug|Any CPU
		{A0D86620-0B5B-4EA0-828F-40D5B42FFA6E}.AppStore|ARM.ActiveCfg = Debug|Any CPU
		{A0D86620-0B5B-4EA0-828F-40D5B42FFA6E}.AppStore|ARM.Build.0 = Debug|Any CPU
		{A0D86620-0B5B-4EA0-828F-40D5B42FFA6E}.AppStore|iPhone.ActiveCfg = Debug|Any CPU
		{A0D86620-0B5B-4EA0-828F-40D5B42FFA6E}.AppStore|iPhone.Build.0 = Debug|Any CPU
		{A0D86620-0B5B-4EA0-828F-40D5B42FFA6E}.AppStore|iPhoneSimulator.ActiveCfg = Debug|Any CPU
		{A0D86620-0B5B-4EA0-828F-40D5B42FFA6E}.AppStore|iPhoneSimulator.Build.0 = Debug|Any CPU
		{A0D86620-0B5B-4EA0-828F-40D5B42FFA6E}.AppStore|x64.ActiveCfg = Debug|Any CPU
		{A0D86620-0B5B-4EA0-828F-40D5B42FFA6E}.AppStore|x64.Build.0 = Debug|Any CPU
		{A0D86620-0B5B-4EA0-828F-40D5B42FFA6E}.AppStore|x86.ActiveCfg = Debug|Any CPU
		{A0D86620-0B5B-4EA0-828F-40D5B42FFA6E}.AppStore|x86.Build.0 = Debug|Any CPU
		{A0D86620-0B5B-4EA0-828F-40D5B42FFA6E}.Debug|Any CPU.ActiveCfg = Debug|Any CPU
		{A0D86620-0B5B-4EA0-828F-40D5B42FFA6E}.Debug|Any CPU.Build.0 = Debug|Any CPU
		{A0D86620-0B5B-4EA0-828F-40D5B42FFA6E}.Debug|ARM.ActiveCfg = Debug|Any CPU
		{A0D86620-0B5B-4EA0-828F-40D5B42FFA6E}.Debug|ARM.Build.0 = Debug|Any CPU
		{A0D86620-0B5B-4EA0-828F-40D5B42FFA6E}.Debug|iPhone.ActiveCfg = Debug|Any CPU
		{A0D86620-0B5B-4EA0-828F-40D5B42FFA6E}.Debug|iPhone.Build.0 = Debug|Any CPU
		{A0D86620-0B5B-4EA0-828F-40D5B42FFA6E}.Debug|iPhoneSimulator.ActiveCfg = Debug|Any CPU
		{A0D86620-0B5B-4EA0-828F-40D5B42FFA6E}.Debug|iPhoneSimulator.Build.0 = Debug|Any CPU
		{A0D86620-0B5B-4EA0-828F-40D5B42FFA6E}.Debug|x64.ActiveCfg = Debug|Any CPU
		{A0D86620-0B5B-4EA0-828F-40D5B42FFA6E}.Debug|x64.Build.0 = Debug|Any CPU
		{A0D86620-0B5B-4EA0-828F-40D5B42FFA6E}.Debug|x86.ActiveCfg = Debug|Any CPU
		{A0D86620-0B5B-4EA0-828F-40D5B42FFA6E}.Debug|x86.Build.0 = Debug|Any CPU
		{A0D86620-0B5B-4EA0-828F-40D5B42FFA6E}.Release|Any CPU.ActiveCfg = Release|Any CPU
		{A0D86620-0B5B-4EA0-828F-40D5B42FFA6E}.Release|Any CPU.Build.0 = Release|Any CPU
		{A0D86620-0B5B-4EA0-828F-40D5B42FFA6E}.Release|ARM.ActiveCfg = Release|Any CPU
		{A0D86620-0B5B-4EA0-828F-40D5B42FFA6E}.Release|ARM.Build.0 = Release|Any CPU
		{A0D86620-0B5B-4EA0-828F-40D5B42FFA6E}.Release|iPhone.ActiveCfg = Release|Any CPU
		{A0D86620-0B5B-4EA0-828F-40D5B42FFA6E}.Release|iPhone.Build.0 = Release|Any CPU
		{A0D86620-0B5B-4EA0-828F-40D5B42FFA6E}.Release|iPhoneSimulator.ActiveCfg = Release|Any CPU
		{A0D86620-0B5B-4EA0-828F-40D5B42FFA6E}.Release|iPhoneSimulator.Build.0 = Release|Any CPU
		{A0D86620-0B5B-4EA0-828F-40D5B42FFA6E}.Release|x64.ActiveCfg = Release|Any CPU
		{A0D86620-0B5B-4EA0-828F-40D5B42FFA6E}.Release|x64.Build.0 = Release|Any CPU
		{A0D86620-0B5B-4EA0-828F-40D5B42FFA6E}.Release|x86.ActiveCfg = Release|Any CPU
		{A0D86620-0B5B-4EA0-828F-40D5B42FFA6E}.Release|x86.Build.0 = Release|Any CPU
		{A975CCC6-AADF-4D5D-AB5A-9C5E8C6A4F9D}.Ad-Hoc|Any CPU.ActiveCfg = Debug|Any CPU
		{A975CCC6-AADF-4D5D-AB5A-9C5E8C6A4F9D}.Ad-Hoc|Any CPU.Build.0 = Debug|Any CPU
		{A975CCC6-AADF-4D5D-AB5A-9C5E8C6A4F9D}.Ad-Hoc|ARM.ActiveCfg = Debug|Any CPU
		{A975CCC6-AADF-4D5D-AB5A-9C5E8C6A4F9D}.Ad-Hoc|ARM.Build.0 = Debug|Any CPU
		{A975CCC6-AADF-4D5D-AB5A-9C5E8C6A4F9D}.Ad-Hoc|iPhone.ActiveCfg = Debug|Any CPU
		{A975CCC6-AADF-4D5D-AB5A-9C5E8C6A4F9D}.Ad-Hoc|iPhone.Build.0 = Debug|Any CPU
		{A975CCC6-AADF-4D5D-AB5A-9C5E8C6A4F9D}.Ad-Hoc|iPhoneSimulator.ActiveCfg = Debug|Any CPU
		{A975CCC6-AADF-4D5D-AB5A-9C5E8C6A4F9D}.Ad-Hoc|iPhoneSimulator.Build.0 = Debug|Any CPU
		{A975CCC6-AADF-4D5D-AB5A-9C5E8C6A4F9D}.Ad-Hoc|x64.ActiveCfg = Debug|Any CPU
		{A975CCC6-AADF-4D5D-AB5A-9C5E8C6A4F9D}.Ad-Hoc|x64.Build.0 = Debug|Any CPU
		{A975CCC6-AADF-4D5D-AB5A-9C5E8C6A4F9D}.Ad-Hoc|x86.ActiveCfg = Debug|Any CPU
		{A975CCC6-AADF-4D5D-AB5A-9C5E8C6A4F9D}.Ad-Hoc|x86.Build.0 = Debug|Any CPU
		{A975CCC6-AADF-4D5D-AB5A-9C5E8C6A4F9D}.AppStore|Any CPU.ActiveCfg = Debug|Any CPU
		{A975CCC6-AADF-4D5D-AB5A-9C5E8C6A4F9D}.AppStore|Any CPU.Build.0 = Debug|Any CPU
		{A975CCC6-AADF-4D5D-AB5A-9C5E8C6A4F9D}.AppStore|ARM.ActiveCfg = Debug|Any CPU
		{A975CCC6-AADF-4D5D-AB5A-9C5E8C6A4F9D}.AppStore|ARM.Build.0 = Debug|Any CPU
		{A975CCC6-AADF-4D5D-AB5A-9C5E8C6A4F9D}.AppStore|iPhone.ActiveCfg = Debug|Any CPU
		{A975CCC6-AADF-4D5D-AB5A-9C5E8C6A4F9D}.AppStore|iPhone.Build.0 = Debug|Any CPU
		{A975CCC6-AADF-4D5D-AB5A-9C5E8C6A4F9D}.AppStore|iPhoneSimulator.ActiveCfg = Debug|Any CPU
		{A975CCC6-AADF-4D5D-AB5A-9C5E8C6A4F9D}.AppStore|iPhoneSimulator.Build.0 = Debug|Any CPU
		{A975CCC6-AADF-4D5D-AB5A-9C5E8C6A4F9D}.AppStore|x64.ActiveCfg = Debug|Any CPU
		{A975CCC6-AADF-4D5D-AB5A-9C5E8C6A4F9D}.AppStore|x64.Build.0 = Debug|Any CPU
		{A975CCC6-AADF-4D5D-AB5A-9C5E8C6A4F9D}.AppStore|x86.ActiveCfg = Debug|Any CPU
		{A975CCC6-AADF-4D5D-AB5A-9C5E8C6A4F9D}.AppStore|x86.Build.0 = Debug|Any CPU
		{A975CCC6-AADF-4D5D-AB5A-9C5E8C6A4F9D}.Debug|Any CPU.ActiveCfg = Debug|Any CPU
		{A975CCC6-AADF-4D5D-AB5A-9C5E8C6A4F9D}.Debug|Any CPU.Build.0 = Debug|Any CPU
		{A975CCC6-AADF-4D5D-AB5A-9C5E8C6A4F9D}.Debug|ARM.ActiveCfg = Debug|Any CPU
		{A975CCC6-AADF-4D5D-AB5A-9C5E8C6A4F9D}.Debug|ARM.Build.0 = Debug|Any CPU
		{A975CCC6-AADF-4D5D-AB5A-9C5E8C6A4F9D}.Debug|iPhone.ActiveCfg = Debug|Any CPU
		{A975CCC6-AADF-4D5D-AB5A-9C5E8C6A4F9D}.Debug|iPhone.Build.0 = Debug|Any CPU
		{A975CCC6-AADF-4D5D-AB5A-9C5E8C6A4F9D}.Debug|iPhoneSimulator.ActiveCfg = Debug|Any CPU
		{A975CCC6-AADF-4D5D-AB5A-9C5E8C6A4F9D}.Debug|iPhoneSimulator.Build.0 = Debug|Any CPU
		{A975CCC6-AADF-4D5D-AB5A-9C5E8C6A4F9D}.Debug|x64.ActiveCfg = Debug|Any CPU
		{A975CCC6-AADF-4D5D-AB5A-9C5E8C6A4F9D}.Debug|x64.Build.0 = Debug|Any CPU
		{A975CCC6-AADF-4D5D-AB5A-9C5E8C6A4F9D}.Debug|x86.ActiveCfg = Debug|Any CPU
		{A975CCC6-AADF-4D5D-AB5A-9C5E8C6A4F9D}.Debug|x86.Build.0 = Debug|Any CPU
		{A975CCC6-AADF-4D5D-AB5A-9C5E8C6A4F9D}.Release|Any CPU.ActiveCfg = Release|Any CPU
		{A975CCC6-AADF-4D5D-AB5A-9C5E8C6A4F9D}.Release|Any CPU.Build.0 = Release|Any CPU
		{A975CCC6-AADF-4D5D-AB5A-9C5E8C6A4F9D}.Release|ARM.ActiveCfg = Release|Any CPU
		{A975CCC6-AADF-4D5D-AB5A-9C5E8C6A4F9D}.Release|ARM.Build.0 = Release|Any CPU
		{A975CCC6-AADF-4D5D-AB5A-9C5E8C6A4F9D}.Release|iPhone.ActiveCfg = Release|Any CPU
		{A975CCC6-AADF-4D5D-AB5A-9C5E8C6A4F9D}.Release|iPhone.Build.0 = Release|Any CPU
		{A975CCC6-AADF-4D5D-AB5A-9C5E8C6A4F9D}.Release|iPhoneSimulator.ActiveCfg = Release|Any CPU
		{A975CCC6-AADF-4D5D-AB5A-9C5E8C6A4F9D}.Release|iPhoneSimulator.Build.0 = Release|Any CPU
		{A975CCC6-AADF-4D5D-AB5A-9C5E8C6A4F9D}.Release|x64.ActiveCfg = Release|Any CPU
		{A975CCC6-AADF-4D5D-AB5A-9C5E8C6A4F9D}.Release|x64.Build.0 = Release|Any CPU
		{A975CCC6-AADF-4D5D-AB5A-9C5E8C6A4F9D}.Release|x86.ActiveCfg = Release|Any CPU
		{A975CCC6-AADF-4D5D-AB5A-9C5E8C6A4F9D}.Release|x86.Build.0 = Release|Any CPU
	EndGlobalSection
	GlobalSection(SolutionProperties) = preSolution
		HideSolutionNode = FALSE
	EndGlobalSection
	GlobalSection(NestedProjects) = preSolution
		{3EFF12C9-D8E0-45E0-A166-4A2D3B63B5C2} = {4AE12858-03A7-44A2-8295-25063A98D7B9}
		{11B86844-2576-4020-AC8B-123DE758A118} = {4AE12858-03A7-44A2-8295-25063A98D7B9}
		{B284EB4B-69C7-4218-9B16-EB6BFAD06E49} = {4AE12858-03A7-44A2-8295-25063A98D7B9}
		{6FBFD744-7CA5-4D24-9CC3-9C8BAE9C649F} = {4AE12858-03A7-44A2-8295-25063A98D7B9}
		{5CE33C6C-45E0-41B2-805B-D27A66924925} = {4AE12858-03A7-44A2-8295-25063A98D7B9}
		{0DF7AEDB-B6C8-4366-975C-22CD3468E453} = {973B8EF8-2709-4E1C-8C8C-C0125D30A81B}
		{95487945-19CA-44A7-B259-F7723A31C30A} = {764EA4FE-2417-4230-B803-9384B8CCE0C7}
		{3D2A4B81-6A2A-4FBC-B627-31056FF1EEB9} = {764EA4FE-2417-4230-B803-9384B8CCE0C7}
		{06FF0740-72F2-44C7-9C3D-F25C7E2DAC8F} = {973B8EF8-2709-4E1C-8C8C-C0125D30A81B}
		{7836B5B3-C155-4613-8C9A-EA854F46D107} = {06FF0740-72F2-44C7-9C3D-F25C7E2DAC8F}
		{603472C5-1F1A-43EB-A374-BF537012A445} = {06FF0740-72F2-44C7-9C3D-F25C7E2DAC8F}
		{67C51505-701B-4ABD-820B-088F46262C6E} = {E73B9FFA-2771-4FDE-935F-C4EB12E0EF45}
		{FAD97B7C-EEB3-4680-93C1-7BC20538326E} = {5CE33C6C-45E0-41B2-805B-D27A66924925}
		{97852223-F9A5-44D7-9976-6267952DF807} = {3D2A4B81-6A2A-4FBC-B627-31056FF1EEB9}
		{A0D86620-0B5B-4EA0-828F-40D5B42FFA6E} = {3D2A4B81-6A2A-4FBC-B627-31056FF1EEB9}
		{A975CCC6-AADF-4D5D-AB5A-9C5E8C6A4F9D} = {5CE33C6C-45E0-41B2-805B-D27A66924925}
	EndGlobalSection
	GlobalSection(ExtensibilityGlobals) = postSolution
		SolutionGuid = {62068473-4825-47C7-AB1D-94D173FED9AB}
	EndGlobalSection
EndGlobal
